// !$*UTF8*$!
{
	archiveVersion = 1;
	classes = {
	};
	objectVersion = 46;
	objects = {

/* Begin PBXBuildFile section */
		7C013EF21AD5699E00E74C78 /* BaseStaticLibraryResource.bundle in Resources */ = {isa = PBXBuildFile; fileRef = 7C013EF11AD5699E00E74C78 /* BaseStaticLibraryResource.bundle */; };
		7C013F021AD56C9D00E74C78 /* normal.png in Resources */ = {isa = PBXBuildFile; fileRef = 7C013F001AD56C9C00E74C78 /* normal.png */; };
		7C013F031AD56C9D00E74C78 /* selected.png in Resources */ = {isa = PBXBuildFile; fileRef = 7C013F011AD56C9C00E74C78 /* selected.png */; };
		7C249B471ADD6114000712BF /* WSHomeViewController.m in Sources */ = {isa = PBXBuildFile; fileRef = 7C249B161ADD6114000712BF /* WSHomeViewController.m */; };
		7C249B481ADD6114000712BF /* WSHomeViewController.xib in Resources */ = {isa = PBXBuildFile; fileRef = 7C249B171ADD6114000712BF /* WSHomeViewController.xib */; };
		7C249B491ADD6114000712BF /* WSInfoListViewController.m in Sources */ = {isa = PBXBuildFile; fileRef = 7C249B1B1ADD6114000712BF /* WSInfoListViewController.m */; };
		7C249B4A1ADD6114000712BF /* WSInfoListViewController.xib in Resources */ = {isa = PBXBuildFile; fileRef = 7C249B1C1ADD6114000712BF /* WSInfoListViewController.xib */; };
		7C249B5B1ADD6114000712BF /* HomeCollectionViewCell.m in Sources */ = {isa = PBXBuildFile; fileRef = 7C249B421ADD6114000712BF /* HomeCollectionViewCell.m */; };
		7C249B5C1ADD6114000712BF /* HomeCollectionViewCell.xib in Resources */ = {isa = PBXBuildFile; fileRef = 7C249B431ADD6114000712BF /* HomeCollectionViewCell.xib */; };
		7C249B5D1ADD6114000712BF /* HomeHeaderCollectionReusableView.m in Sources */ = {isa = PBXBuildFile; fileRef = 7C249B451ADD6114000712BF /* HomeHeaderCollectionReusableView.m */; };
		7C249B5E1ADD6114000712BF /* HomeHeaderCollectionReusableView.xib in Resources */ = {isa = PBXBuildFile; fileRef = 7C249B461ADD6114000712BF /* HomeHeaderCollectionReusableView.xib */; };
		7C249B721ADD6B7A000712BF /* WSInfoListCell.m in Sources */ = {isa = PBXBuildFile; fileRef = 7C249B701ADD6B7A000712BF /* WSInfoListCell.m */; };
		7C249B731ADD6B7A000712BF /* WSInfoListCell.xib in Resources */ = {isa = PBXBuildFile; fileRef = 7C249B711ADD6B7A000712BF /* WSInfoListCell.xib */; };
		7C6DDE431ADC1D35007F81A4 /* ASIHttpWrap.m in Sources */ = {isa = PBXBuildFile; fileRef = 7C6DDE071ADC1D35007F81A4 /* ASIHttpWrap.m */; settings = {COMPILER_FLAGS = "-fno-objc-arc"; }; };
		7C6DDE441ADC1D35007F81A4 /* ASIAuthenticationDialog.m in Sources */ = {isa = PBXBuildFile; fileRef = 7C6DDE0A1ADC1D35007F81A4 /* ASIAuthenticationDialog.m */; settings = {COMPILER_FLAGS = "-fno-objc-arc"; }; };
		7C6DDE451ADC1D35007F81A4 /* ASIDataCompressor.m in Sources */ = {isa = PBXBuildFile; fileRef = 7C6DDE0D1ADC1D35007F81A4 /* ASIDataCompressor.m */; settings = {COMPILER_FLAGS = "-fno-objc-arc"; }; };
		7C6DDE461ADC1D35007F81A4 /* ASIDataDecompressor.m in Sources */ = {isa = PBXBuildFile; fileRef = 7C6DDE0F1ADC1D35007F81A4 /* ASIDataDecompressor.m */; settings = {COMPILER_FLAGS = "-fno-objc-arc"; }; };
		7C6DDE471ADC1D35007F81A4 /* ASIDownloadCache.m in Sources */ = {isa = PBXBuildFile; fileRef = 7C6DDE111ADC1D35007F81A4 /* ASIDownloadCache.m */; settings = {COMPILER_FLAGS = "-fno-objc-arc"; }; };
		7C6DDE481ADC1D35007F81A4 /* ASIFormDataRequest.m in Sources */ = {isa = PBXBuildFile; fileRef = 7C6DDE131ADC1D35007F81A4 /* ASIFormDataRequest.m */; settings = {COMPILER_FLAGS = "-fno-objc-arc"; }; };
		7C6DDE491ADC1D35007F81A4 /* ASIHTTPRequest.m in Sources */ = {isa = PBXBuildFile; fileRef = 7C6DDE151ADC1D35007F81A4 /* ASIHTTPRequest.m */; settings = {COMPILER_FLAGS = "-fno-objc-arc"; }; };
		7C6DDE4A1ADC1D35007F81A4 /* ASIInputStream.m in Sources */ = {isa = PBXBuildFile; fileRef = 7C6DDE191ADC1D35007F81A4 /* ASIInputStream.m */; settings = {COMPILER_FLAGS = "-fno-objc-arc"; }; };
		7C6DDE4B1ADC1D35007F81A4 /* ASINetworkQueue.m in Sources */ = {isa = PBXBuildFile; fileRef = 7C6DDE1B1ADC1D35007F81A4 /* ASINetworkQueue.m */; settings = {COMPILER_FLAGS = "-fno-objc-arc"; }; };
		7C6DDE4C1ADC1D35007F81A4 /* ASIWebPageRequest.m in Sources */ = {isa = PBXBuildFile; fileRef = 7C6DDE1F1ADC1D35007F81A4 /* ASIWebPageRequest.m */; settings = {COMPILER_FLAGS = "-fno-objc-arc"; }; };
		7C6DDE4D1ADC1D35007F81A4 /* ASICloudFilesCDNRequest.m in Sources */ = {isa = PBXBuildFile; fileRef = 7C6DDE221ADC1D35007F81A4 /* ASICloudFilesCDNRequest.m */; settings = {COMPILER_FLAGS = "-fno-objc-arc"; }; };
		7C6DDE4E1ADC1D35007F81A4 /* ASICloudFilesContainer.m in Sources */ = {isa = PBXBuildFile; fileRef = 7C6DDE241ADC1D35007F81A4 /* ASICloudFilesContainer.m */; settings = {COMPILER_FLAGS = "-fno-objc-arc"; }; };
		7C6DDE4F1ADC1D35007F81A4 /* ASICloudFilesContainerRequest.m in Sources */ = {isa = PBXBuildFile; fileRef = 7C6DDE261ADC1D35007F81A4 /* ASICloudFilesContainerRequest.m */; settings = {COMPILER_FLAGS = "-fno-objc-arc"; }; };
		7C6DDE501ADC1D35007F81A4 /* ASICloudFilesContainerXMLParserDelegate.m in Sources */ = {isa = PBXBuildFile; fileRef = 7C6DDE281ADC1D35007F81A4 /* ASICloudFilesContainerXMLParserDelegate.m */; settings = {COMPILER_FLAGS = "-fno-objc-arc"; }; };
		7C6DDE511ADC1D35007F81A4 /* ASICloudFilesObject.m in Sources */ = {isa = PBXBuildFile; fileRef = 7C6DDE2A1ADC1D35007F81A4 /* ASICloudFilesObject.m */; settings = {COMPILER_FLAGS = "-fno-objc-arc"; }; };
		7C6DDE521ADC1D35007F81A4 /* ASICloudFilesObjectRequest.m in Sources */ = {isa = PBXBuildFile; fileRef = 7C6DDE2C1ADC1D35007F81A4 /* ASICloudFilesObjectRequest.m */; settings = {COMPILER_FLAGS = "-fno-objc-arc"; }; };
		7C6DDE531ADC1D35007F81A4 /* ASICloudFilesRequest.m in Sources */ = {isa = PBXBuildFile; fileRef = 7C6DDE2E1ADC1D35007F81A4 /* ASICloudFilesRequest.m */; settings = {COMPILER_FLAGS = "-fno-objc-arc"; }; };
		7C6DDE541ADC1D35007F81A4 /* ASIS3Bucket.m in Sources */ = {isa = PBXBuildFile; fileRef = 7C6DDE321ADC1D35007F81A4 /* ASIS3Bucket.m */; settings = {COMPILER_FLAGS = "-fno-objc-arc"; }; };
		7C6DDE551ADC1D35007F81A4 /* ASIS3BucketObject.m in Sources */ = {isa = PBXBuildFile; fileRef = 7C6DDE341ADC1D35007F81A4 /* ASIS3BucketObject.m */; settings = {COMPILER_FLAGS = "-fno-objc-arc"; }; };
		7C6DDE561ADC1D35007F81A4 /* ASIS3BucketRequest.m in Sources */ = {isa = PBXBuildFile; fileRef = 7C6DDE361ADC1D35007F81A4 /* ASIS3BucketRequest.m */; settings = {COMPILER_FLAGS = "-fno-objc-arc"; }; };
		7C6DDE571ADC1D35007F81A4 /* ASIS3ObjectRequest.m in Sources */ = {isa = PBXBuildFile; fileRef = 7C6DDE381ADC1D35007F81A4 /* ASIS3ObjectRequest.m */; settings = {COMPILER_FLAGS = "-fno-objc-arc"; }; };
		7C6DDE581ADC1D35007F81A4 /* ASIS3Request.m in Sources */ = {isa = PBXBuildFile; fileRef = 7C6DDE3A1ADC1D35007F81A4 /* ASIS3Request.m */; settings = {COMPILER_FLAGS = "-fno-objc-arc"; }; };
		7C6DDE591ADC1D35007F81A4 /* ASIS3ServiceRequest.m in Sources */ = {isa = PBXBuildFile; fileRef = 7C6DDE3C1ADC1D35007F81A4 /* ASIS3ServiceRequest.m */; settings = {COMPILER_FLAGS = "-fno-objc-arc"; }; };
		7C6DDE5A1ADC1D35007F81A4 /* README-GHUnit in Resources */ = {isa = PBXBuildFile; fileRef = 7C6DDE3F1ADC1D35007F81A4 /* README-GHUnit */; };
		7C6DDE5B1ADC1D35007F81A4 /* Reachability.m in Sources */ = {isa = PBXBuildFile; fileRef = 7C6DDE421ADC1D35007F81A4 /* Reachability.m */; settings = {COMPILER_FLAGS = "-fno-objc-arc"; }; };
		7C6DDE711ADC2101007F81A4 /* BaiduMapAPI.framework in Frameworks */ = {isa = PBXBuildFile; fileRef = 7C6DDE701ADC2101007F81A4 /* BaiduMapAPI.framework */; };
		7C6DDE731ADC2152007F81A4 /* CoreLocation.framework in Frameworks */ = {isa = PBXBuildFile; fileRef = 7C6DDE721ADC2152007F81A4 /* CoreLocation.framework */; };
		7C6DDE751ADC2159007F81A4 /* QuartzCore.framework in Frameworks */ = {isa = PBXBuildFile; fileRef = 7C6DDE741ADC2159007F81A4 /* QuartzCore.framework */; };
		7C6DDE771ADC2163007F81A4 /* OpenGLES.framework in Frameworks */ = {isa = PBXBuildFile; fileRef = 7C6DDE761ADC2163007F81A4 /* OpenGLES.framework */; };
		7C6DDE791ADC216F007F81A4 /* Security.framework in Frameworks */ = {isa = PBXBuildFile; fileRef = 7C6DDE781ADC216F007F81A4 /* Security.framework */; };
		7C6DDE7B1ADC21A0007F81A4 /* mapapi.bundle in Resources */ = {isa = PBXBuildFile; fileRef = 7C6DDE7A1ADC21A0007F81A4 /* mapapi.bundle */; };
		7CBD6CD21AD92630008B29B4 /* slideswitch.png in Resources */ = {isa = PBXBuildFile; fileRef = 7CBD6CD11AD92630008B29B4 /* slideswitch.png */; };
		7CC5833C1ADD2D5500329D21 /* CoreTelephony.framework in Frameworks */ = {isa = PBXBuildFile; fileRef = 7CC5833B1ADD2D5500329D21 /* CoreTelephony.framework */; };
		7CC5833E1ADD2D6100329D21 /* libicucore.dylib in Frameworks */ = {isa = PBXBuildFile; fileRef = 7CC5833D1ADD2D6100329D21 /* libicucore.dylib */; };
		7CC583401ADD2DC300329D21 /* libstdc++.dylib in Frameworks */ = {isa = PBXBuildFile; fileRef = 7CC5833F1ADD2DC300329D21 /* libstdc++.dylib */; };
		7CC583421ADD2DCF00329D21 /* libsqlite3.dylib in Frameworks */ = {isa = PBXBuildFile; fileRef = 7CC583411ADD2DCF00329D21 /* libsqlite3.dylib */; };
		7CC583441ADD2DD700329D21 /* MessageUI.framework in Frameworks */ = {isa = PBXBuildFile; fileRef = 7CC583431ADD2DD700329D21 /* MessageUI.framework */; };
		7CCAD31B1ADEAEB7001D3D8B /* dou.png in Resources */ = {isa = PBXBuildFile; fileRef = 7CCAD3191ADEAEB7001D3D8B /* dou.png */; };
		7CCAD31C1ADEAEB7001D3D8B /* search-icon.png in Resources */ = {isa = PBXBuildFile; fileRef = 7CCAD31A1ADEAEB7001D3D8B /* search-icon.png */; };
		7CCAD3281ADEB0C1001D3D8B /* a_selected.png in Resources */ = {isa = PBXBuildFile; fileRef = 7CCAD3201ADEB0C1001D3D8B /* a_selected.png */; };
		7CCAD3291ADEB0C1001D3D8B /* a_normal.png in Resources */ = {isa = PBXBuildFile; fileRef = 7CCAD3211ADEB0C1001D3D8B /* a_normal.png */; };
		7CCAD32A1ADEB0C1001D3D8B /* b_selected.png in Resources */ = {isa = PBXBuildFile; fileRef = 7CCAD3221ADEB0C1001D3D8B /* b_selected.png */; };
		7CCAD32B1ADEB0C1001D3D8B /* b_normal.png in Resources */ = {isa = PBXBuildFile; fileRef = 7CCAD3231ADEB0C1001D3D8B /* b_normal.png */; };
		7CCAD32C1ADEB0C1001D3D8B /* c_selected.png in Resources */ = {isa = PBXBuildFile; fileRef = 7CCAD3241ADEB0C1001D3D8B /* c_selected.png */; };
		7CCAD32D1ADEB0C1001D3D8B /* c_normal.png in Resources */ = {isa = PBXBuildFile; fileRef = 7CCAD3251ADEB0C1001D3D8B /* c_normal.png */; };
		7CCAD32E1ADEB0C1001D3D8B /* d_selected.png in Resources */ = {isa = PBXBuildFile; fileRef = 7CCAD3261ADEB0C1001D3D8B /* d_selected.png */; };
		7CCAD32F1ADEB0C1001D3D8B /* d_normal.png in Resources */ = {isa = PBXBuildFile; fileRef = 7CCAD3271ADEB0C1001D3D8B /* d_normal.png */; };
		7CCAD3351ADEB469001D3D8B /* collected.png in Resources */ = {isa = PBXBuildFile; fileRef = 7CCAD3301ADEB469001D3D8B /* collected.png */; };
		7CCAD3361ADEB469001D3D8B /* message.png in Resources */ = {isa = PBXBuildFile; fileRef = 7CCAD3311ADEB469001D3D8B /* message.png */; };
		7CCAD3371ADEB469001D3D8B /* back.png in Resources */ = {isa = PBXBuildFile; fileRef = 7CCAD3321ADEB469001D3D8B /* back.png */; };
		7CCAD3381ADEB469001D3D8B /* share.png in Resources */ = {isa = PBXBuildFile; fileRef = 7CCAD3331ADEB469001D3D8B /* share.png */; };
		7CCAD3391ADEB469001D3D8B /* uncollect.png in Resources */ = {isa = PBXBuildFile; fileRef = 7CCAD3341ADEB469001D3D8B /* uncollect.png */; };
		7CCAD33E1ADEB8D7001D3D8B /* map.png in Resources */ = {isa = PBXBuildFile; fileRef = 7CCAD33C1ADEB8D7001D3D8B /* map.png */; };
		7CCAD33F1ADEB8D7001D3D8B /* time-clock.png in Resources */ = {isa = PBXBuildFile; fileRef = 7CCAD33D1ADEB8D7001D3D8B /* time-clock.png */; };
		7CCAD3431ADEBA1C001D3D8B /* store_signin.png in Resources */ = {isa = PBXBuildFile; fileRef = 7CCAD3401ADEBA1C001D3D8B /* store_signin.png */; };
		7CCAD3441ADEBA1C001D3D8B /* scan_product.png in Resources */ = {isa = PBXBuildFile; fileRef = 7CCAD3411ADEBA1C001D3D8B /* scan_product.png */; };
		7CCAD3451ADEBA1C001D3D8B /* invate_friend.png in Resources */ = {isa = PBXBuildFile; fileRef = 7CCAD3421ADEBA1C001D3D8B /* invate_friend.png */; };
		7CCAD3491ADEBD4C001D3D8B /* arrow-right.png in Resources */ = {isa = PBXBuildFile; fileRef = 7CCAD3481ADEBD4C001D3D8B /* arrow-right.png */; };
		7CCBBD5A1AD418AF00EA1F7F /* main.m in Sources */ = {isa = PBXBuildFile; fileRef = 7CCBBD591AD418AF00EA1F7F /* main.m */; };
		7CCBBD5D1AD418AF00EA1F7F /* AppDelegate.m in Sources */ = {isa = PBXBuildFile; fileRef = 7CCBBD5C1AD418AF00EA1F7F /* AppDelegate.m */; };
		7CCBBD601AD418AF00EA1F7F /* SmartShopping.xcdatamodeld in Sources */ = {isa = PBXBuildFile; fileRef = 7CCBBD5E1AD418AF00EA1F7F /* SmartShopping.xcdatamodeld */; };
		7CCBBD681AD418AF00EA1F7F /* Images.xcassets in Resources */ = {isa = PBXBuildFile; fileRef = 7CCBBD671AD418AF00EA1F7F /* Images.xcassets */; };
		7CCBBD6B1AD418AF00EA1F7F /* LaunchScreen.xib in Resources */ = {isa = PBXBuildFile; fileRef = 7CCBBD691AD418AF00EA1F7F /* LaunchScreen.xib */; };
		7CCBBD891AD41B2900EA1F7F /* libBaseStaticLibrary.a in Frameworks */ = {isa = PBXBuildFile; fileRef = 7CCBBD861AD419FE00EA1F7F /* libBaseStaticLibrary.a */; };
		7CCD11521AD542AF005A1429 /* Foundation.framework in Frameworks */ = {isa = PBXBuildFile; fileRef = 7CCD11511AD542AF005A1429 /* Foundation.framework */; };
		7CCD11541AD542B6005A1429 /* UIKit.framework in Frameworks */ = {isa = PBXBuildFile; fileRef = 7CCD11531AD542B6005A1429 /* UIKit.framework */; };
		7CCD11561AD542BD005A1429 /* libz.dylib in Frameworks */ = {isa = PBXBuildFile; fileRef = 7CCD11551AD542BD005A1429 /* libz.dylib */; };
		7CCD11581AD542C5005A1429 /* libxml2.dylib in Frameworks */ = {isa = PBXBuildFile; fileRef = 7CCD11571AD542C5005A1429 /* libxml2.dylib */; };
		7CCD115A1AD542CB005A1429 /* CoreGraphics.framework in Frameworks */ = {isa = PBXBuildFile; fileRef = 7CCD11591AD542CB005A1429 /* CoreGraphics.framework */; };
		7CCD115C1AD542D1005A1429 /* MobileCoreServices.framework in Frameworks */ = {isa = PBXBuildFile; fileRef = 7CCD115B1AD542D1005A1429 /* MobileCoreServices.framework */; };
		7CCD115E1AD542D8005A1429 /* SystemConfiguration.framework in Frameworks */ = {isa = PBXBuildFile; fileRef = 7CCD115D1AD542D8005A1429 /* SystemConfiguration.framework */; };
		7CCD11601AD542E1005A1429 /* CFNetwork.framework in Frameworks */ = {isa = PBXBuildFile; fileRef = 7CCD115F1AD542E1005A1429 /* CFNetwork.framework */; };
		7CCD11751AD54FCA005A1429 /* WSGainPeasViewController.m in Sources */ = {isa = PBXBuildFile; fileRef = 7CCD11731AD54FCA005A1429 /* WSGainPeasViewController.m */; };
		7CCD11761AD54FCA005A1429 /* WSGainPeasViewController.xib in Resources */ = {isa = PBXBuildFile; fileRef = 7CCD11741AD54FCA005A1429 /* WSGainPeasViewController.xib */; };
		7CCD117F1AD54FFE005A1429 /* WSMineViewController.m in Sources */ = {isa = PBXBuildFile; fileRef = 7CCD117D1AD54FFE005A1429 /* WSMineViewController.m */; };
		7CCD11801AD54FFE005A1429 /* WSMineViewController.xib in Resources */ = {isa = PBXBuildFile; fileRef = 7CCD117E1AD54FFE005A1429 /* WSMineViewController.xib */; };
		7CCD11841AD55085005A1429 /* WSPromotionCouponViewController.m in Sources */ = {isa = PBXBuildFile; fileRef = 7CCD11821AD55085005A1429 /* WSPromotionCouponViewController.m */; };
		7CCD11851AD55085005A1429 /* WSPromotionCouponViewController.xib in Resources */ = {isa = PBXBuildFile; fileRef = 7CCD11831AD55085005A1429 /* WSPromotionCouponViewController.xib */; };
/* End PBXBuildFile section */

/* Begin PBXContainerItemProxy section */
		7C013ECA1AD565A500E74C78 /* PBXContainerItemProxy */ = {
			isa = PBXContainerItemProxy;
			containerPortal = 7CCBBD801AD419FE00EA1F7F /* BaseStaticLibrary.xcodeproj */;
			proxyType = 1;
			remoteGlobalIDString = 7C013EF61AD56A7F00E74C78;
			remoteInfo = BaseStaticLibraryResource;
		};
		7C013ECD1AD565A500E74C78 /* PBXContainerItemProxy */ = {
			isa = PBXContainerItemProxy;
			containerPortal = 7CCBBD801AD419FE00EA1F7F /* BaseStaticLibrary.xcodeproj */;
			proxyType = 2;
			remoteGlobalIDString = 7C013EC21AD561C900E74C78;
			remoteInfo = BaseStaticLibraryResource;
		};
		7CCBBD851AD419FE00EA1F7F /* PBXContainerItemProxy */ = {
			isa = PBXContainerItemProxy;
			containerPortal = 7CCBBD801AD419FE00EA1F7F /* BaseStaticLibrary.xcodeproj */;
			proxyType = 2;
			remoteGlobalIDString = 7CCBBD2E1AD416B100EA1F7F;
			remoteInfo = BaseStaticLibrary;
		};
		7CCBBD8A1AD41B3200EA1F7F /* PBXContainerItemProxy */ = {
			isa = PBXContainerItemProxy;
			containerPortal = 7CCBBD801AD419FE00EA1F7F /* BaseStaticLibrary.xcodeproj */;
			proxyType = 1;
			remoteGlobalIDString = 7CCBBD2D1AD416B100EA1F7F;
			remoteInfo = BaseStaticLibrary;
		};
/* End PBXContainerItemProxy section */

/* Begin PBXFileReference section */
		7C013EF11AD5699E00E74C78 /* BaseStaticLibraryResource.bundle */ = {isa = PBXFileReference; lastKnownFileType = "wrapper.plug-in"; name = BaseStaticLibraryResource.bundle; path = ../BaseStaticLibrary/BaseStaticLibraryResource.bundle; sourceTree = "<group>"; };
		7C013F001AD56C9C00E74C78 /* normal.png */ = {isa = PBXFileReference; lastKnownFileType = image.png; path = normal.png; sourceTree = "<group>"; };
		7C013F011AD56C9C00E74C78 /* selected.png */ = {isa = PBXFileReference; lastKnownFileType = image.png; path = selected.png; sourceTree = "<group>"; };
		7C249B151ADD6114000712BF /* WSHomeViewController.h */ = {isa = PBXFileReference; fileEncoding = 4; lastKnownFileType = sourcecode.c.h; path = WSHomeViewController.h; sourceTree = "<group>"; };
		7C249B161ADD6114000712BF /* WSHomeViewController.m */ = {isa = PBXFileReference; fileEncoding = 4; lastKnownFileType = sourcecode.c.objc; path = WSHomeViewController.m; sourceTree = "<group>"; };
		7C249B171ADD6114000712BF /* WSHomeViewController.xib */ = {isa = PBXFileReference; fileEncoding = 4; lastKnownFileType = file.xib; path = WSHomeViewController.xib; sourceTree = "<group>"; };
		7C249B1A1ADD6114000712BF /* WSInfoListViewController.h */ = {isa = PBXFileReference; fileEncoding = 4; lastKnownFileType = sourcecode.c.h; path = WSInfoListViewController.h; sourceTree = "<group>"; };
		7C249B1B1ADD6114000712BF /* WSInfoListViewController.m */ = {isa = PBXFileReference; fileEncoding = 4; lastKnownFileType = sourcecode.c.objc; path = WSInfoListViewController.m; sourceTree = "<group>"; };
		7C249B1C1ADD6114000712BF /* WSInfoListViewController.xib */ = {isa = PBXFileReference; fileEncoding = 4; lastKnownFileType = file.xib; path = WSInfoListViewController.xib; sourceTree = "<group>"; };
		7C249B411ADD6114000712BF /* HomeCollectionViewCell.h */ = {isa = PBXFileReference; fileEncoding = 4; lastKnownFileType = sourcecode.c.h; path = HomeCollectionViewCell.h; sourceTree = "<group>"; };
		7C249B421ADD6114000712BF /* HomeCollectionViewCell.m */ = {isa = PBXFileReference; fileEncoding = 4; lastKnownFileType = sourcecode.c.objc; path = HomeCollectionViewCell.m; sourceTree = "<group>"; };
		7C249B431ADD6114000712BF /* HomeCollectionViewCell.xib */ = {isa = PBXFileReference; fileEncoding = 4; lastKnownFileType = file.xib; path = HomeCollectionViewCell.xib; sourceTree = "<group>"; };
		7C249B441ADD6114000712BF /* HomeHeaderCollectionReusableView.h */ = {isa = PBXFileReference; fileEncoding = 4; lastKnownFileType = sourcecode.c.h; path = HomeHeaderCollectionReusableView.h; sourceTree = "<group>"; };
		7C249B451ADD6114000712BF /* HomeHeaderCollectionReusableView.m */ = {isa = PBXFileReference; fileEncoding = 4; lastKnownFileType = sourcecode.c.objc; path = HomeHeaderCollectionReusableView.m; sourceTree = "<group>"; };
		7C249B461ADD6114000712BF /* HomeHeaderCollectionReusableView.xib */ = {isa = PBXFileReference; fileEncoding = 4; lastKnownFileType = file.xib; path = HomeHeaderCollectionReusableView.xib; sourceTree = "<group>"; };
		7C249B6F1ADD6B7A000712BF /* WSInfoListCell.h */ = {isa = PBXFileReference; fileEncoding = 4; lastKnownFileType = sourcecode.c.h; path = WSInfoListCell.h; sourceTree = "<group>"; };
		7C249B701ADD6B7A000712BF /* WSInfoListCell.m */ = {isa = PBXFileReference; fileEncoding = 4; lastKnownFileType = sourcecode.c.objc; path = WSInfoListCell.m; sourceTree = "<group>"; };
		7C249B711ADD6B7A000712BF /* WSInfoListCell.xib */ = {isa = PBXFileReference; fileEncoding = 4; lastKnownFileType = file.xib; path = WSInfoListCell.xib; sourceTree = "<group>"; };
		7C6DDE061ADC1D35007F81A4 /* ASIHttpWrap.h */ = {isa = PBXFileReference; fileEncoding = 4; lastKnownFileType = sourcecode.c.h; path = ASIHttpWrap.h; sourceTree = "<group>"; };
		7C6DDE071ADC1D35007F81A4 /* ASIHttpWrap.m */ = {isa = PBXFileReference; fileEncoding = 4; lastKnownFileType = sourcecode.c.objc; path = ASIHttpWrap.m; sourceTree = "<group>"; };
		7C6DDE091ADC1D35007F81A4 /* ASIAuthenticationDialog.h */ = {isa = PBXFileReference; fileEncoding = 4; lastKnownFileType = sourcecode.c.h; path = ASIAuthenticationDialog.h; sourceTree = "<group>"; };
		7C6DDE0A1ADC1D35007F81A4 /* ASIAuthenticationDialog.m */ = {isa = PBXFileReference; fileEncoding = 4; lastKnownFileType = sourcecode.c.objc; path = ASIAuthenticationDialog.m; sourceTree = "<group>"; };
		7C6DDE0B1ADC1D35007F81A4 /* ASICacheDelegate.h */ = {isa = PBXFileReference; fileEncoding = 4; lastKnownFileType = sourcecode.c.h; path = ASICacheDelegate.h; sourceTree = "<group>"; };
		7C6DDE0C1ADC1D35007F81A4 /* ASIDataCompressor.h */ = {isa = PBXFileReference; fileEncoding = 4; lastKnownFileType = sourcecode.c.h; path = ASIDataCompressor.h; sourceTree = "<group>"; };
		7C6DDE0D1ADC1D35007F81A4 /* ASIDataCompressor.m */ = {isa = PBXFileReference; fileEncoding = 4; lastKnownFileType = sourcecode.c.objc; path = ASIDataCompressor.m; sourceTree = "<group>"; };
		7C6DDE0E1ADC1D35007F81A4 /* ASIDataDecompressor.h */ = {isa = PBXFileReference; fileEncoding = 4; lastKnownFileType = sourcecode.c.h; path = ASIDataDecompressor.h; sourceTree = "<group>"; };
		7C6DDE0F1ADC1D35007F81A4 /* ASIDataDecompressor.m */ = {isa = PBXFileReference; fileEncoding = 4; lastKnownFileType = sourcecode.c.objc; path = ASIDataDecompressor.m; sourceTree = "<group>"; };
		7C6DDE101ADC1D35007F81A4 /* ASIDownloadCache.h */ = {isa = PBXFileReference; fileEncoding = 4; lastKnownFileType = sourcecode.c.h; path = ASIDownloadCache.h; sourceTree = "<group>"; };
		7C6DDE111ADC1D35007F81A4 /* ASIDownloadCache.m */ = {isa = PBXFileReference; fileEncoding = 4; lastKnownFileType = sourcecode.c.objc; path = ASIDownloadCache.m; sourceTree = "<group>"; };
		7C6DDE121ADC1D35007F81A4 /* ASIFormDataRequest.h */ = {isa = PBXFileReference; fileEncoding = 4; lastKnownFileType = sourcecode.c.h; path = ASIFormDataRequest.h; sourceTree = "<group>"; };
		7C6DDE131ADC1D35007F81A4 /* ASIFormDataRequest.m */ = {isa = PBXFileReference; fileEncoding = 4; lastKnownFileType = sourcecode.c.objc; path = ASIFormDataRequest.m; sourceTree = "<group>"; };
		7C6DDE141ADC1D35007F81A4 /* ASIHTTPRequest.h */ = {isa = PBXFileReference; fileEncoding = 4; lastKnownFileType = sourcecode.c.h; path = ASIHTTPRequest.h; sourceTree = "<group>"; };
		7C6DDE151ADC1D35007F81A4 /* ASIHTTPRequest.m */ = {isa = PBXFileReference; fileEncoding = 4; lastKnownFileType = sourcecode.c.objc; path = ASIHTTPRequest.m; sourceTree = "<group>"; };
		7C6DDE161ADC1D35007F81A4 /* ASIHTTPRequestConfig.h */ = {isa = PBXFileReference; fileEncoding = 4; lastKnownFileType = sourcecode.c.h; path = ASIHTTPRequestConfig.h; sourceTree = "<group>"; };
		7C6DDE171ADC1D35007F81A4 /* ASIHTTPRequestDelegate.h */ = {isa = PBXFileReference; fileEncoding = 4; lastKnownFileType = sourcecode.c.h; path = ASIHTTPRequestDelegate.h; sourceTree = "<group>"; };
		7C6DDE181ADC1D35007F81A4 /* ASIInputStream.h */ = {isa = PBXFileReference; fileEncoding = 4; lastKnownFileType = sourcecode.c.h; path = ASIInputStream.h; sourceTree = "<group>"; };
		7C6DDE191ADC1D35007F81A4 /* ASIInputStream.m */ = {isa = PBXFileReference; fileEncoding = 4; lastKnownFileType = sourcecode.c.objc; path = ASIInputStream.m; sourceTree = "<group>"; };
		7C6DDE1A1ADC1D35007F81A4 /* ASINetworkQueue.h */ = {isa = PBXFileReference; fileEncoding = 4; lastKnownFileType = sourcecode.c.h; path = ASINetworkQueue.h; sourceTree = "<group>"; };
		7C6DDE1B1ADC1D35007F81A4 /* ASINetworkQueue.m */ = {isa = PBXFileReference; fileEncoding = 4; lastKnownFileType = sourcecode.c.objc; path = ASINetworkQueue.m; sourceTree = "<group>"; };
		7C6DDE1C1ADC1D35007F81A4 /* ASIProgressDelegate.h */ = {isa = PBXFileReference; fileEncoding = 4; lastKnownFileType = sourcecode.c.h; path = ASIProgressDelegate.h; sourceTree = "<group>"; };
		7C6DDE1E1ADC1D35007F81A4 /* ASIWebPageRequest.h */ = {isa = PBXFileReference; fileEncoding = 4; lastKnownFileType = sourcecode.c.h; path = ASIWebPageRequest.h; sourceTree = "<group>"; };
		7C6DDE1F1ADC1D35007F81A4 /* ASIWebPageRequest.m */ = {isa = PBXFileReference; fileEncoding = 4; lastKnownFileType = sourcecode.c.objc; path = ASIWebPageRequest.m; sourceTree = "<group>"; };
		7C6DDE211ADC1D35007F81A4 /* ASICloudFilesCDNRequest.h */ = {isa = PBXFileReference; fileEncoding = 4; lastKnownFileType = sourcecode.c.h; path = ASICloudFilesCDNRequest.h; sourceTree = "<group>"; };
		7C6DDE221ADC1D35007F81A4 /* ASICloudFilesCDNRequest.m */ = {isa = PBXFileReference; fileEncoding = 4; lastKnownFileType = sourcecode.c.objc; path = ASICloudFilesCDNRequest.m; sourceTree = "<group>"; };
		7C6DDE231ADC1D35007F81A4 /* ASICloudFilesContainer.h */ = {isa = PBXFileReference; fileEncoding = 4; lastKnownFileType = sourcecode.c.h; path = ASICloudFilesContainer.h; sourceTree = "<group>"; };
		7C6DDE241ADC1D35007F81A4 /* ASICloudFilesContainer.m */ = {isa = PBXFileReference; fileEncoding = 4; lastKnownFileType = sourcecode.c.objc; path = ASICloudFilesContainer.m; sourceTree = "<group>"; };
		7C6DDE251ADC1D35007F81A4 /* ASICloudFilesContainerRequest.h */ = {isa = PBXFileReference; fileEncoding = 4; lastKnownFileType = sourcecode.c.h; path = ASICloudFilesContainerRequest.h; sourceTree = "<group>"; };
		7C6DDE261ADC1D35007F81A4 /* ASICloudFilesContainerRequest.m */ = {isa = PBXFileReference; fileEncoding = 4; lastKnownFileType = sourcecode.c.objc; path = ASICloudFilesContainerRequest.m; sourceTree = "<group>"; };
		7C6DDE271ADC1D35007F81A4 /* ASICloudFilesContainerXMLParserDelegate.h */ = {isa = PBXFileReference; fileEncoding = 4; lastKnownFileType = sourcecode.c.h; path = ASICloudFilesContainerXMLParserDelegate.h; sourceTree = "<group>"; };
		7C6DDE281ADC1D35007F81A4 /* ASICloudFilesContainerXMLParserDelegate.m */ = {isa = PBXFileReference; fileEncoding = 4; lastKnownFileType = sourcecode.c.objc; path = ASICloudFilesContainerXMLParserDelegate.m; sourceTree = "<group>"; };
		7C6DDE291ADC1D35007F81A4 /* ASICloudFilesObject.h */ = {isa = PBXFileReference; fileEncoding = 4; lastKnownFileType = sourcecode.c.h; path = ASICloudFilesObject.h; sourceTree = "<group>"; };
		7C6DDE2A1ADC1D35007F81A4 /* ASICloudFilesObject.m */ = {isa = PBXFileReference; fileEncoding = 4; lastKnownFileType = sourcecode.c.objc; path = ASICloudFilesObject.m; sourceTree = "<group>"; };
		7C6DDE2B1ADC1D35007F81A4 /* ASICloudFilesObjectRequest.h */ = {isa = PBXFileReference; fileEncoding = 4; lastKnownFileType = sourcecode.c.h; path = ASICloudFilesObjectRequest.h; sourceTree = "<group>"; };
		7C6DDE2C1ADC1D35007F81A4 /* ASICloudFilesObjectRequest.m */ = {isa = PBXFileReference; fileEncoding = 4; lastKnownFileType = sourcecode.c.objc; path = ASICloudFilesObjectRequest.m; sourceTree = "<group>"; };
		7C6DDE2D1ADC1D35007F81A4 /* ASICloudFilesRequest.h */ = {isa = PBXFileReference; fileEncoding = 4; lastKnownFileType = sourcecode.c.h; path = ASICloudFilesRequest.h; sourceTree = "<group>"; };
		7C6DDE2E1ADC1D35007F81A4 /* ASICloudFilesRequest.m */ = {isa = PBXFileReference; fileEncoding = 4; lastKnownFileType = sourcecode.c.objc; path = ASICloudFilesRequest.m; sourceTree = "<group>"; };
		7C6DDE301ADC1D35007F81A4 /* ASINSXMLParserCompat.h */ = {isa = PBXFileReference; fileEncoding = 4; lastKnownFileType = sourcecode.c.h; path = ASINSXMLParserCompat.h; sourceTree = "<group>"; };
		7C6DDE311ADC1D35007F81A4 /* ASIS3Bucket.h */ = {isa = PBXFileReference; fileEncoding = 4; lastKnownFileType = sourcecode.c.h; path = ASIS3Bucket.h; sourceTree = "<group>"; };
		7C6DDE321ADC1D35007F81A4 /* ASIS3Bucket.m */ = {isa = PBXFileReference; fileEncoding = 4; lastKnownFileType = sourcecode.c.objc; path = ASIS3Bucket.m; sourceTree = "<group>"; };
		7C6DDE331ADC1D35007F81A4 /* ASIS3BucketObject.h */ = {isa = PBXFileReference; fileEncoding = 4; lastKnownFileType = sourcecode.c.h; path = ASIS3BucketObject.h; sourceTree = "<group>"; };
		7C6DDE341ADC1D35007F81A4 /* ASIS3BucketObject.m */ = {isa = PBXFileReference; fileEncoding = 4; lastKnownFileType = sourcecode.c.objc; path = ASIS3BucketObject.m; sourceTree = "<group>"; };
		7C6DDE351ADC1D35007F81A4 /* ASIS3BucketRequest.h */ = {isa = PBXFileReference; fileEncoding = 4; lastKnownFileType = sourcecode.c.h; path = ASIS3BucketRequest.h; sourceTree = "<group>"; };
		7C6DDE361ADC1D35007F81A4 /* ASIS3BucketRequest.m */ = {isa = PBXFileReference; fileEncoding = 4; lastKnownFileType = sourcecode.c.objc; path = ASIS3BucketRequest.m; sourceTree = "<group>"; };
		7C6DDE371ADC1D35007F81A4 /* ASIS3ObjectRequest.h */ = {isa = PBXFileReference; fileEncoding = 4; lastKnownFileType = sourcecode.c.h; path = ASIS3ObjectRequest.h; sourceTree = "<group>"; };
		7C6DDE381ADC1D35007F81A4 /* ASIS3ObjectRequest.m */ = {isa = PBXFileReference; fileEncoding = 4; lastKnownFileType = sourcecode.c.objc; path = ASIS3ObjectRequest.m; sourceTree = "<group>"; };
		7C6DDE391ADC1D35007F81A4 /* ASIS3Request.h */ = {isa = PBXFileReference; fileEncoding = 4; lastKnownFileType = sourcecode.c.h; path = ASIS3Request.h; sourceTree = "<group>"; };
		7C6DDE3A1ADC1D35007F81A4 /* ASIS3Request.m */ = {isa = PBXFileReference; fileEncoding = 4; lastKnownFileType = sourcecode.c.objc; path = ASIS3Request.m; sourceTree = "<group>"; };
		7C6DDE3B1ADC1D35007F81A4 /* ASIS3ServiceRequest.h */ = {isa = PBXFileReference; fileEncoding = 4; lastKnownFileType = sourcecode.c.h; path = ASIS3ServiceRequest.h; sourceTree = "<group>"; };
		7C6DDE3C1ADC1D35007F81A4 /* ASIS3ServiceRequest.m */ = {isa = PBXFileReference; fileEncoding = 4; lastKnownFileType = sourcecode.c.objc; path = ASIS3ServiceRequest.m; sourceTree = "<group>"; };
		7C6DDE3F1ADC1D35007F81A4 /* README-GHUnit */ = {isa = PBXFileReference; fileEncoding = 4; lastKnownFileType = text; path = "README-GHUnit"; sourceTree = "<group>"; };
		7C6DDE411ADC1D35007F81A4 /* Reachability.h */ = {isa = PBXFileReference; fileEncoding = 4; lastKnownFileType = sourcecode.c.h; path = Reachability.h; sourceTree = "<group>"; };
		7C6DDE421ADC1D35007F81A4 /* Reachability.m */ = {isa = PBXFileReference; fileEncoding = 4; lastKnownFileType = sourcecode.c.objc; path = Reachability.m; sourceTree = "<group>"; };
		7C6DDE701ADC2101007F81A4 /* BaiduMapAPI.framework */ = {isa = PBXFileReference; lastKnownFileType = wrapper.framework; path = BaiduMapAPI.framework; sourceTree = "<group>"; };
		7C6DDE721ADC2152007F81A4 /* CoreLocation.framework */ = {isa = PBXFileReference; lastKnownFileType = wrapper.framework; name = CoreLocation.framework; path = System/Library/Frameworks/CoreLocation.framework; sourceTree = SDKROOT; };
		7C6DDE741ADC2159007F81A4 /* QuartzCore.framework */ = {isa = PBXFileReference; lastKnownFileType = wrapper.framework; name = QuartzCore.framework; path = System/Library/Frameworks/QuartzCore.framework; sourceTree = SDKROOT; };
		7C6DDE761ADC2163007F81A4 /* OpenGLES.framework */ = {isa = PBXFileReference; lastKnownFileType = wrapper.framework; name = OpenGLES.framework; path = System/Library/Frameworks/OpenGLES.framework; sourceTree = SDKROOT; };
		7C6DDE781ADC216F007F81A4 /* Security.framework */ = {isa = PBXFileReference; lastKnownFileType = wrapper.framework; name = Security.framework; path = System/Library/Frameworks/Security.framework; sourceTree = SDKROOT; };
		7C6DDE7A1ADC21A0007F81A4 /* mapapi.bundle */ = {isa = PBXFileReference; lastKnownFileType = "wrapper.plug-in"; name = mapapi.bundle; path = ../../mapapi.bundle; sourceTree = "<group>"; };
		7C9665291AD560B000897F1C /* Info.plist */ = {isa = PBXFileReference; lastKnownFileType = text.plist.xml; path = Info.plist; sourceTree = "<group>"; };
		7CBD6CD11AD92630008B29B4 /* slideswitch.png */ = {isa = PBXFileReference; lastKnownFileType = image.png; path = slideswitch.png; sourceTree = "<group>"; };
		7CC5833B1ADD2D5500329D21 /* CoreTelephony.framework */ = {isa = PBXFileReference; lastKnownFileType = wrapper.framework; name = CoreTelephony.framework; path = System/Library/Frameworks/CoreTelephony.framework; sourceTree = SDKROOT; };
		7CC5833D1ADD2D6100329D21 /* libicucore.dylib */ = {isa = PBXFileReference; lastKnownFileType = "compiled.mach-o.dylib"; name = libicucore.dylib; path = usr/lib/libicucore.dylib; sourceTree = SDKROOT; };
		7CC5833F1ADD2DC300329D21 /* libstdc++.dylib */ = {isa = PBXFileReference; lastKnownFileType = "compiled.mach-o.dylib"; name = "libstdc++.dylib"; path = "usr/lib/libstdc++.dylib"; sourceTree = SDKROOT; };
		7CC583411ADD2DCF00329D21 /* libsqlite3.dylib */ = {isa = PBXFileReference; lastKnownFileType = "compiled.mach-o.dylib"; name = libsqlite3.dylib; path = usr/lib/libsqlite3.dylib; sourceTree = SDKROOT; };
		7CC583431ADD2DD700329D21 /* MessageUI.framework */ = {isa = PBXFileReference; lastKnownFileType = wrapper.framework; name = MessageUI.framework; path = System/Library/Frameworks/MessageUI.framework; sourceTree = SDKROOT; };
		7CC5A9731ADDF8FC00D3C892 /* WSCommonMacro.h */ = {isa = PBXFileReference; fileEncoding = 4; lastKnownFileType = sourcecode.c.h; path = WSCommonMacro.h; sourceTree = "<group>"; };
		7CC5A9741ADDF96E00D3C892 /* WSCommonHeader.h */ = {isa = PBXFileReference; fileEncoding = 4; lastKnownFileType = sourcecode.c.h; path = WSCommonHeader.h; sourceTree = "<group>"; };
		7CCAD3191ADEAEB7001D3D8B /* dou.png */ = {isa = PBXFileReference; lastKnownFileType = image.png; path = dou.png; sourceTree = "<group>"; };
		7CCAD31A1ADEAEB7001D3D8B /* search-icon.png */ = {isa = PBXFileReference; lastKnownFileType = image.png; path = "search-icon.png"; sourceTree = "<group>"; };
		7CCAD3201ADEB0C1001D3D8B /* a_selected.png */ = {isa = PBXFileReference; lastKnownFileType = image.png; path = a_selected.png; sourceTree = "<group>"; };
		7CCAD3211ADEB0C1001D3D8B /* a_normal.png */ = {isa = PBXFileReference; lastKnownFileType = image.png; path = a_normal.png; sourceTree = "<group>"; };
		7CCAD3221ADEB0C1001D3D8B /* b_selected.png */ = {isa = PBXFileReference; lastKnownFileType = image.png; path = b_selected.png; sourceTree = "<group>"; };
		7CCAD3231ADEB0C1001D3D8B /* b_normal.png */ = {isa = PBXFileReference; lastKnownFileType = image.png; path = b_normal.png; sourceTree = "<group>"; };
		7CCAD3241ADEB0C1001D3D8B /* c_selected.png */ = {isa = PBXFileReference; lastKnownFileType = image.png; path = c_selected.png; sourceTree = "<group>"; };
		7CCAD3251ADEB0C1001D3D8B /* c_normal.png */ = {isa = PBXFileReference; lastKnownFileType = image.png; path = c_normal.png; sourceTree = "<group>"; };
		7CCAD3261ADEB0C1001D3D8B /* d_selected.png */ = {isa = PBXFileReference; lastKnownFileType = image.png; path = d_selected.png; sourceTree = "<group>"; };
		7CCAD3271ADEB0C1001D3D8B /* d_normal.png */ = {isa = PBXFileReference; lastKnownFileType = image.png; path = d_normal.png; sourceTree = "<group>"; };
		7CCAD3301ADEB469001D3D8B /* collected.png */ = {isa = PBXFileReference; lastKnownFileType = image.png; path = collected.png; sourceTree = "<group>"; };
		7CCAD3311ADEB469001D3D8B /* message.png */ = {isa = PBXFileReference; lastKnownFileType = image.png; path = message.png; sourceTree = "<group>"; };
		7CCAD3321ADEB469001D3D8B /* back.png */ = {isa = PBXFileReference; lastKnownFileType = image.png; path = back.png; sourceTree = "<group>"; };
		7CCAD3331ADEB469001D3D8B /* share.png */ = {isa = PBXFileReference; lastKnownFileType = image.png; path = share.png; sourceTree = "<group>"; };
		7CCAD3341ADEB469001D3D8B /* uncollect.png */ = {isa = PBXFileReference; lastKnownFileType = image.png; path = uncollect.png; sourceTree = "<group>"; };
		7CCAD33C1ADEB8D7001D3D8B /* map.png */ = {isa = PBXFileReference; lastKnownFileType = image.png; path = map.png; sourceTree = "<group>"; };
		7CCAD33D1ADEB8D7001D3D8B /* time-clock.png */ = {isa = PBXFileReference; lastKnownFileType = image.png; path = "time-clock.png"; sourceTree = "<group>"; };
		7CCAD3401ADEBA1C001D3D8B /* store_signin.png */ = {isa = PBXFileReference; lastKnownFileType = image.png; path = store_signin.png; sourceTree = "<group>"; };
		7CCAD3411ADEBA1C001D3D8B /* scan_product.png */ = {isa = PBXFileReference; lastKnownFileType = image.png; path = scan_product.png; sourceTree = "<group>"; };
		7CCAD3421ADEBA1C001D3D8B /* invate_friend.png */ = {isa = PBXFileReference; lastKnownFileType = image.png; path = invate_friend.png; sourceTree = "<group>"; };
		7CCAD3481ADEBD4C001D3D8B /* arrow-right.png */ = {isa = PBXFileReference; lastKnownFileType = image.png; path = "arrow-right.png"; sourceTree = "<group>"; };
		7CCBBD541AD418AF00EA1F7F /* SmartShopping.app */ = {isa = PBXFileReference; explicitFileType = wrapper.application; includeInIndex = 0; path = SmartShopping.app; sourceTree = BUILT_PRODUCTS_DIR; };
		7CCBBD581AD418AF00EA1F7F /* Info.plist */ = {isa = PBXFileReference; lastKnownFileType = text.plist.xml; path = Info.plist; sourceTree = "<group>"; };
		7CCBBD591AD418AF00EA1F7F /* main.m */ = {isa = PBXFileReference; lastKnownFileType = sourcecode.c.objc; path = main.m; sourceTree = "<group>"; };
		7CCBBD5B1AD418AF00EA1F7F /* AppDelegate.h */ = {isa = PBXFileReference; lastKnownFileType = sourcecode.c.h; path = AppDelegate.h; sourceTree = "<group>"; };
		7CCBBD5C1AD418AF00EA1F7F /* AppDelegate.m */ = {isa = PBXFileReference; lastKnownFileType = sourcecode.c.objc; path = AppDelegate.m; sourceTree = "<group>"; };
		7CCBBD5F1AD418AF00EA1F7F /* SmartShopping.xcdatamodel */ = {isa = PBXFileReference; lastKnownFileType = wrapper.xcdatamodel; path = SmartShopping.xcdatamodel; sourceTree = "<group>"; };
		7CCBBD671AD418AF00EA1F7F /* Images.xcassets */ = {isa = PBXFileReference; lastKnownFileType = folder.assetcatalog; path = Images.xcassets; sourceTree = "<group>"; };
		7CCBBD6A1AD418AF00EA1F7F /* Base */ = {isa = PBXFileReference; lastKnownFileType = file.xib; name = Base; path = Base.lproj/LaunchScreen.xib; sourceTree = "<group>"; };
		7CCBBD801AD419FE00EA1F7F /* BaseStaticLibrary.xcodeproj */ = {isa = PBXFileReference; lastKnownFileType = "wrapper.pb-project"; name = BaseStaticLibrary.xcodeproj; path = BaseStaticLibrary/BaseStaticLibrary.xcodeproj; sourceTree = "<group>"; };
		7CCBBD9D1AD427BE00EA1F7F /* PrefixHeader.pch */ = {isa = PBXFileReference; fileEncoding = 4; lastKnownFileType = sourcecode.c.h; name = PrefixHeader.pch; path = ../PrefixHeader.pch; sourceTree = "<group>"; };
		7CCD11511AD542AF005A1429 /* Foundation.framework */ = {isa = PBXFileReference; lastKnownFileType = wrapper.framework; name = Foundation.framework; path = System/Library/Frameworks/Foundation.framework; sourceTree = SDKROOT; };
		7CCD11531AD542B6005A1429 /* UIKit.framework */ = {isa = PBXFileReference; lastKnownFileType = wrapper.framework; name = UIKit.framework; path = System/Library/Frameworks/UIKit.framework; sourceTree = SDKROOT; };
		7CCD11551AD542BD005A1429 /* libz.dylib */ = {isa = PBXFileReference; lastKnownFileType = "compiled.mach-o.dylib"; name = libz.dylib; path = usr/lib/libz.dylib; sourceTree = SDKROOT; };
		7CCD11571AD542C5005A1429 /* libxml2.dylib */ = {isa = PBXFileReference; lastKnownFileType = "compiled.mach-o.dylib"; name = libxml2.dylib; path = usr/lib/libxml2.dylib; sourceTree = SDKROOT; };
		7CCD11591AD542CB005A1429 /* CoreGraphics.framework */ = {isa = PBXFileReference; lastKnownFileType = wrapper.framework; name = CoreGraphics.framework; path = System/Library/Frameworks/CoreGraphics.framework; sourceTree = SDKROOT; };
		7CCD115B1AD542D1005A1429 /* MobileCoreServices.framework */ = {isa = PBXFileReference; lastKnownFileType = wrapper.framework; name = MobileCoreServices.framework; path = System/Library/Frameworks/MobileCoreServices.framework; sourceTree = SDKROOT; };
		7CCD115D1AD542D8005A1429 /* SystemConfiguration.framework */ = {isa = PBXFileReference; lastKnownFileType = wrapper.framework; name = SystemConfiguration.framework; path = System/Library/Frameworks/SystemConfiguration.framework; sourceTree = SDKROOT; };
		7CCD115F1AD542E1005A1429 /* CFNetwork.framework */ = {isa = PBXFileReference; lastKnownFileType = wrapper.framework; name = CFNetwork.framework; path = System/Library/Frameworks/CFNetwork.framework; sourceTree = SDKROOT; };
		7CCD11721AD54FCA005A1429 /* WSGainPeasViewController.h */ = {isa = PBXFileReference; fileEncoding = 4; lastKnownFileType = sourcecode.c.h; path = WSGainPeasViewController.h; sourceTree = "<group>"; };
		7CCD11731AD54FCA005A1429 /* WSGainPeasViewController.m */ = {isa = PBXFileReference; fileEncoding = 4; lastKnownFileType = sourcecode.c.objc; path = WSGainPeasViewController.m; sourceTree = "<group>"; };
		7CCD11741AD54FCA005A1429 /* WSGainPeasViewController.xib */ = {isa = PBXFileReference; fileEncoding = 4; lastKnownFileType = file.xib; path = WSGainPeasViewController.xib; sourceTree = "<group>"; };
		7CCD117C1AD54FFE005A1429 /* WSMineViewController.h */ = {isa = PBXFileReference; fileEncoding = 4; lastKnownFileType = sourcecode.c.h; path = WSMineViewController.h; sourceTree = "<group>"; };
		7CCD117D1AD54FFE005A1429 /* WSMineViewController.m */ = {isa = PBXFileReference; fileEncoding = 4; lastKnownFileType = sourcecode.c.objc; path = WSMineViewController.m; sourceTree = "<group>"; };
		7CCD117E1AD54FFE005A1429 /* WSMineViewController.xib */ = {isa = PBXFileReference; fileEncoding = 4; lastKnownFileType = file.xib; path = WSMineViewController.xib; sourceTree = "<group>"; };
		7CCD11811AD55085005A1429 /* WSPromotionCouponViewController.h */ = {isa = PBXFileReference; fileEncoding = 4; lastKnownFileType = sourcecode.c.h; path = WSPromotionCouponViewController.h; sourceTree = "<group>"; };
		7CCD11821AD55085005A1429 /* WSPromotionCouponViewController.m */ = {isa = PBXFileReference; fileEncoding = 4; lastKnownFileType = sourcecode.c.objc; path = WSPromotionCouponViewController.m; sourceTree = "<group>"; };
		7CCD11831AD55085005A1429 /* WSPromotionCouponViewController.xib */ = {isa = PBXFileReference; fileEncoding = 4; lastKnownFileType = file.xib; path = WSPromotionCouponViewController.xib; sourceTree = "<group>"; };
/* End PBXFileReference section */

/* Begin PBXFrameworksBuildPhase section */
		7CCBBD511AD418AF00EA1F7F /* Frameworks */ = {
			isa = PBXFrameworksBuildPhase;
			buildActionMask = 2147483647;
			files = (
				7CC583441ADD2DD700329D21 /* MessageUI.framework in Frameworks */,
				7CC583421ADD2DCF00329D21 /* libsqlite3.dylib in Frameworks */,
				7CC583401ADD2DC300329D21 /* libstdc++.dylib in Frameworks */,
				7CC5833E1ADD2D6100329D21 /* libicucore.dylib in Frameworks */,
				7CC5833C1ADD2D5500329D21 /* CoreTelephony.framework in Frameworks */,
				7C6DDE791ADC216F007F81A4 /* Security.framework in Frameworks */,
				7C6DDE771ADC2163007F81A4 /* OpenGLES.framework in Frameworks */,
				7C6DDE751ADC2159007F81A4 /* QuartzCore.framework in Frameworks */,
				7C6DDE731ADC2152007F81A4 /* CoreLocation.framework in Frameworks */,
				7CCD11601AD542E1005A1429 /* CFNetwork.framework in Frameworks */,
				7CCD115E1AD542D8005A1429 /* SystemConfiguration.framework in Frameworks */,
				7CCD115C1AD542D1005A1429 /* MobileCoreServices.framework in Frameworks */,
				7CCD115A1AD542CB005A1429 /* CoreGraphics.framework in Frameworks */,
				7CCD11581AD542C5005A1429 /* libxml2.dylib in Frameworks */,
				7CCD11561AD542BD005A1429 /* libz.dylib in Frameworks */,
				7CCD11541AD542B6005A1429 /* UIKit.framework in Frameworks */,
				7CCD11521AD542AF005A1429 /* Foundation.framework in Frameworks */,
				7C6DDE711ADC2101007F81A4 /* BaiduMapAPI.framework in Frameworks */,
				7CCBBD891AD41B2900EA1F7F /* libBaseStaticLibrary.a in Frameworks */,
			);
			runOnlyForDeploymentPostprocessing = 0;
		};
/* End PBXFrameworksBuildPhase section */

/* Begin PBXGroup section */
		7C249B141ADD6114000712BF /* Controller */ = {
			isa = PBXGroup;
			children = (
				7C249B151ADD6114000712BF /* WSHomeViewController.h */,
				7C249B161ADD6114000712BF /* WSHomeViewController.m */,
				7C249B171ADD6114000712BF /* WSHomeViewController.xib */,
			);
			path = Controller;
			sourceTree = "<group>";
		};
		7C249B181ADD6114000712BF /* InfoList */ = {
			isa = PBXGroup;
			children = (
				7C249B191ADD6114000712BF /* Controller */,
				7C249B1D1ADD6114000712BF /* Model */,
				7C249B6E1ADD6B64000712BF /* View */,
			);
			path = InfoList;
			sourceTree = "<group>";
		};
		7C249B191ADD6114000712BF /* Controller */ = {
			isa = PBXGroup;
			children = (
				7C249B1A1ADD6114000712BF /* WSInfoListViewController.h */,
				7C249B1B1ADD6114000712BF /* WSInfoListViewController.m */,
				7C249B1C1ADD6114000712BF /* WSInfoListViewController.xib */,
			);
			path = Controller;
			sourceTree = "<group>";
		};
		7C249B1D1ADD6114000712BF /* Model */ = {
			isa = PBXGroup;
			children = (
			);
			path = Model;
			sourceTree = "<group>";
		};
		7C249B251ADD6114000712BF /* MapShow */ = {
			isa = PBXGroup;
			children = (
				7C249B5F1ADD6285000712BF /* Controller */,
				7C249B601ADD6285000712BF /* Model */,
			);
			path = MapShow;
			sourceTree = "<group>";
		};
		7C249B321ADD6114000712BF /* Model */ = {
			isa = PBXGroup;
			children = (
			);
			path = Model;
			sourceTree = "<group>";
		};
		7C249B331ADD6114000712BF /* SearchHistory */ = {
			isa = PBXGroup;
			children = (
				7C249B621ADD6298000712BF /* Controller */,
				7C249B631ADD6298000712BF /* Model */,
				7C249B641ADD6298000712BF /* View */,
			);
			path = SearchHistory;
			sourceTree = "<group>";
		};
		7C249B401ADD6114000712BF /* View */ = {
			isa = PBXGroup;
			children = (
				7C249B411ADD6114000712BF /* HomeCollectionViewCell.h */,
				7C249B421ADD6114000712BF /* HomeCollectionViewCell.m */,
				7C249B431ADD6114000712BF /* HomeCollectionViewCell.xib */,
				7C249B441ADD6114000712BF /* HomeHeaderCollectionReusableView.h */,
				7C249B451ADD6114000712BF /* HomeHeaderCollectionReusableView.m */,
				7C249B461ADD6114000712BF /* HomeHeaderCollectionReusableView.xib */,
			);
			path = View;
			sourceTree = "<group>";
		};
		7C249B5F1ADD6285000712BF /* Controller */ = {
			isa = PBXGroup;
			children = (
			);
			path = Controller;
			sourceTree = "<group>";
		};
		7C249B601ADD6285000712BF /* Model */ = {
			isa = PBXGroup;
			children = (
			);
			path = Model;
			sourceTree = "<group>";
		};
		7C249B621ADD6298000712BF /* Controller */ = {
			isa = PBXGroup;
			children = (
			);
			path = Controller;
			sourceTree = "<group>";
		};
		7C249B631ADD6298000712BF /* Model */ = {
			isa = PBXGroup;
			children = (
			);
			path = Model;
			sourceTree = "<group>";
		};
		7C249B641ADD6298000712BF /* View */ = {
			isa = PBXGroup;
			children = (
			);
			path = View;
			sourceTree = "<group>";
		};
		7C249B6E1ADD6B64000712BF /* View */ = {
			isa = PBXGroup;
			children = (
				7C249B6F1ADD6B7A000712BF /* WSInfoListCell.h */,
				7C249B701ADD6B7A000712BF /* WSInfoListCell.m */,
				7C249B711ADD6B7A000712BF /* WSInfoListCell.xib */,
			);
			path = View;
			sourceTree = "<group>";
		};
		7C6DDE031ADC1D35007F81A4 /* ProjectCommon */ = {
			isa = PBXGroup;
			children = (
				7C6DDE6F1ADC2101007F81A4 /* BaiduMapAPI */,
				7C6DDE041ADC1D35007F81A4 /* ASIHttpRequest */,
			);
			path = ProjectCommon;
			sourceTree = "<group>";
		};
		7C6DDE041ADC1D35007F81A4 /* ASIHttpRequest */ = {
			isa = PBXGroup;
			children = (
				7C6DDE051ADC1D35007F81A4 /* ASIHttpWrap */,
				7C6DDE081ADC1D35007F81A4 /* Classes */,
				7C6DDE3D1ADC1D35007F81A4 /* External */,
			);
			path = ASIHttpRequest;
			sourceTree = "<group>";
		};
		7C6DDE051ADC1D35007F81A4 /* ASIHttpWrap */ = {
			isa = PBXGroup;
			children = (
				7C6DDE061ADC1D35007F81A4 /* ASIHttpWrap.h */,
				7C6DDE071ADC1D35007F81A4 /* ASIHttpWrap.m */,
			);
			path = ASIHttpWrap;
			sourceTree = "<group>";
		};
		7C6DDE081ADC1D35007F81A4 /* Classes */ = {
			isa = PBXGroup;
			children = (
				7C6DDE091ADC1D35007F81A4 /* ASIAuthenticationDialog.h */,
				7C6DDE0A1ADC1D35007F81A4 /* ASIAuthenticationDialog.m */,
				7C6DDE0B1ADC1D35007F81A4 /* ASICacheDelegate.h */,
				7C6DDE0C1ADC1D35007F81A4 /* ASIDataCompressor.h */,
				7C6DDE0D1ADC1D35007F81A4 /* ASIDataCompressor.m */,
				7C6DDE0E1ADC1D35007F81A4 /* ASIDataDecompressor.h */,
				7C6DDE0F1ADC1D35007F81A4 /* ASIDataDecompressor.m */,
				7C6DDE101ADC1D35007F81A4 /* ASIDownloadCache.h */,
				7C6DDE111ADC1D35007F81A4 /* ASIDownloadCache.m */,
				7C6DDE121ADC1D35007F81A4 /* ASIFormDataRequest.h */,
				7C6DDE131ADC1D35007F81A4 /* ASIFormDataRequest.m */,
				7C6DDE141ADC1D35007F81A4 /* ASIHTTPRequest.h */,
				7C6DDE151ADC1D35007F81A4 /* ASIHTTPRequest.m */,
				7C6DDE161ADC1D35007F81A4 /* ASIHTTPRequestConfig.h */,
				7C6DDE171ADC1D35007F81A4 /* ASIHTTPRequestDelegate.h */,
				7C6DDE181ADC1D35007F81A4 /* ASIInputStream.h */,
				7C6DDE191ADC1D35007F81A4 /* ASIInputStream.m */,
				7C6DDE1A1ADC1D35007F81A4 /* ASINetworkQueue.h */,
				7C6DDE1B1ADC1D35007F81A4 /* ASINetworkQueue.m */,
				7C6DDE1C1ADC1D35007F81A4 /* ASIProgressDelegate.h */,
				7C6DDE1D1ADC1D35007F81A4 /* ASIWebPageRequest */,
				7C6DDE201ADC1D35007F81A4 /* CloudFiles */,
				7C6DDE2F1ADC1D35007F81A4 /* S3 */,
			);
			path = Classes;
			sourceTree = "<group>";
		};
		7C6DDE1D1ADC1D35007F81A4 /* ASIWebPageRequest */ = {
			isa = PBXGroup;
			children = (
				7C6DDE1E1ADC1D35007F81A4 /* ASIWebPageRequest.h */,
				7C6DDE1F1ADC1D35007F81A4 /* ASIWebPageRequest.m */,
			);
			path = ASIWebPageRequest;
			sourceTree = "<group>";
		};
		7C6DDE201ADC1D35007F81A4 /* CloudFiles */ = {
			isa = PBXGroup;
			children = (
				7C6DDE211ADC1D35007F81A4 /* ASICloudFilesCDNRequest.h */,
				7C6DDE221ADC1D35007F81A4 /* ASICloudFilesCDNRequest.m */,
				7C6DDE231ADC1D35007F81A4 /* ASICloudFilesContainer.h */,
				7C6DDE241ADC1D35007F81A4 /* ASICloudFilesContainer.m */,
				7C6DDE251ADC1D35007F81A4 /* ASICloudFilesContainerRequest.h */,
				7C6DDE261ADC1D35007F81A4 /* ASICloudFilesContainerRequest.m */,
				7C6DDE271ADC1D35007F81A4 /* ASICloudFilesContainerXMLParserDelegate.h */,
				7C6DDE281ADC1D35007F81A4 /* ASICloudFilesContainerXMLParserDelegate.m */,
				7C6DDE291ADC1D35007F81A4 /* ASICloudFilesObject.h */,
				7C6DDE2A1ADC1D35007F81A4 /* ASICloudFilesObject.m */,
				7C6DDE2B1ADC1D35007F81A4 /* ASICloudFilesObjectRequest.h */,
				7C6DDE2C1ADC1D35007F81A4 /* ASICloudFilesObjectRequest.m */,
				7C6DDE2D1ADC1D35007F81A4 /* ASICloudFilesRequest.h */,
				7C6DDE2E1ADC1D35007F81A4 /* ASICloudFilesRequest.m */,
			);
			path = CloudFiles;
			sourceTree = "<group>";
		};
		7C6DDE2F1ADC1D35007F81A4 /* S3 */ = {
			isa = PBXGroup;
			children = (
				7C6DDE301ADC1D35007F81A4 /* ASINSXMLParserCompat.h */,
				7C6DDE311ADC1D35007F81A4 /* ASIS3Bucket.h */,
				7C6DDE321ADC1D35007F81A4 /* ASIS3Bucket.m */,
				7C6DDE331ADC1D35007F81A4 /* ASIS3BucketObject.h */,
				7C6DDE341ADC1D35007F81A4 /* ASIS3BucketObject.m */,
				7C6DDE351ADC1D35007F81A4 /* ASIS3BucketRequest.h */,
				7C6DDE361ADC1D35007F81A4 /* ASIS3BucketRequest.m */,
				7C6DDE371ADC1D35007F81A4 /* ASIS3ObjectRequest.h */,
				7C6DDE381ADC1D35007F81A4 /* ASIS3ObjectRequest.m */,
				7C6DDE391ADC1D35007F81A4 /* ASIS3Request.h */,
				7C6DDE3A1ADC1D35007F81A4 /* ASIS3Request.m */,
				7C6DDE3B1ADC1D35007F81A4 /* ASIS3ServiceRequest.h */,
				7C6DDE3C1ADC1D35007F81A4 /* ASIS3ServiceRequest.m */,
			);
			path = S3;
			sourceTree = "<group>";
		};
		7C6DDE3D1ADC1D35007F81A4 /* External */ = {
			isa = PBXGroup;
			children = (
				7C6DDE3E1ADC1D35007F81A4 /* GHUnit */,
				7C6DDE401ADC1D35007F81A4 /* Reachability */,
			);
			path = External;
			sourceTree = "<group>";
		};
		7C6DDE3E1ADC1D35007F81A4 /* GHUnit */ = {
			isa = PBXGroup;
			children = (
				7C6DDE3F1ADC1D35007F81A4 /* README-GHUnit */,
			);
			path = GHUnit;
			sourceTree = "<group>";
		};
		7C6DDE401ADC1D35007F81A4 /* Reachability */ = {
			isa = PBXGroup;
			children = (
				7C6DDE411ADC1D35007F81A4 /* Reachability.h */,
				7C6DDE421ADC1D35007F81A4 /* Reachability.m */,
			);
			path = Reachability;
			sourceTree = "<group>";
		};
		7C6DDE6F1ADC2101007F81A4 /* BaiduMapAPI */ = {
			isa = PBXGroup;
			children = (
				7C6DDE7A1ADC21A0007F81A4 /* mapapi.bundle */,
				7C6DDE701ADC2101007F81A4 /* BaiduMapAPI.framework */,
			);
			path = BaiduMapAPI;
			sourceTree = "<group>";
		};
		7C9665271AD560B000897F1C /* BaseStaticLibrary */ = {
			isa = PBXGroup;
			children = (
				7C9665281AD560B000897F1C /* Supporting Files */,
			);
			path = BaseStaticLibrary;
			sourceTree = "<group>";
		};
		7C9665281AD560B000897F1C /* Supporting Files */ = {
			isa = PBXGroup;
			children = (
				7C9665291AD560B000897F1C /* Info.plist */,
			);
			name = "Supporting Files";
			sourceTree = "<group>";
		};
		7CC5A9721ADDF8BB00D3C892 /* Common */ = {
			isa = PBXGroup;
			children = (
				7CC5A9741ADDF96E00D3C892 /* WSCommonHeader.h */,
				7CC5A9731ADDF8FC00D3C892 /* WSCommonMacro.h */,
			);
			path = Common;
			sourceTree = "<group>";
		};
		7CCAD3181ADEAEB7001D3D8B /* Common */ = {
			isa = PBXGroup;
			children = (
				7CCAD3481ADEBD4C001D3D8B /* arrow-right.png */,
				7CCAD3401ADEBA1C001D3D8B /* store_signin.png */,
				7CCAD3411ADEBA1C001D3D8B /* scan_product.png */,
				7CCAD3421ADEBA1C001D3D8B /* invate_friend.png */,
				7CCAD33C1ADEB8D7001D3D8B /* map.png */,
				7CCAD33D1ADEB8D7001D3D8B /* time-clock.png */,
				7CCAD3301ADEB469001D3D8B /* collected.png */,
				7CCAD3311ADEB469001D3D8B /* message.png */,
				7CCAD3321ADEB469001D3D8B /* back.png */,
				7CCAD3331ADEB469001D3D8B /* share.png */,
				7CCAD3341ADEB469001D3D8B /* uncollect.png */,
				7CCAD3191ADEAEB7001D3D8B /* dou.png */,
				7CCAD31A1ADEAEB7001D3D8B /* search-icon.png */,
			);
			path = Common;
			sourceTree = "<group>";
		};
		7CCAD31F1ADEB0C1001D3D8B /* Tabbar */ = {
			isa = PBXGroup;
			children = (
				7CCAD3201ADEB0C1001D3D8B /* a_selected.png */,
				7CCAD3211ADEB0C1001D3D8B /* a_normal.png */,
				7CCAD3221ADEB0C1001D3D8B /* b_selected.png */,
				7CCAD3231ADEB0C1001D3D8B /* b_normal.png */,
				7CCAD3241ADEB0C1001D3D8B /* c_selected.png */,
				7CCAD3251ADEB0C1001D3D8B /* c_normal.png */,
				7CCAD3261ADEB0C1001D3D8B /* d_selected.png */,
				7CCAD3271ADEB0C1001D3D8B /* d_normal.png */,
			);
			path = Tabbar;
			sourceTree = "<group>";
		};
		7CCBBD4B1AD418AF00EA1F7F = {
			isa = PBXGroup;
			children = (
				7C6DDE031ADC1D35007F81A4 /* ProjectCommon */,
				7CCBBD801AD419FE00EA1F7F /* BaseStaticLibrary.xcodeproj */,
				7CCBBD561AD418AF00EA1F7F /* SmartShopping */,
				7CCD11611AD542EF005A1429 /* Framework */,
				7C9665271AD560B000897F1C /* BaseStaticLibrary */,
				7CCBBD551AD418AF00EA1F7F /* Products */,
			);
			sourceTree = "<group>";
		};
		7CCBBD551AD418AF00EA1F7F /* Products */ = {
			isa = PBXGroup;
			children = (
				7CCBBD541AD418AF00EA1F7F /* SmartShopping.app */,
			);
			name = Products;
			sourceTree = "<group>";
		};
		7CCBBD561AD418AF00EA1F7F /* SmartShopping */ = {
			isa = PBXGroup;
			children = (
				7CC5A9721ADDF8BB00D3C892 /* Common */,
				7CCD11621AD54FA9005A1429 /* GainPeas */,
				7CCD11661AD54FA9005A1429 /* Home */,
				7CCD116A1AD54FA9005A1429 /* Mine */,
				7CCD116E1AD54FA9005A1429 /* PromotionCoupon */,
				7CCBBD5B1AD418AF00EA1F7F /* AppDelegate.h */,
				7CCBBD5C1AD418AF00EA1F7F /* AppDelegate.m */,
				7CCBBD671AD418AF00EA1F7F /* Images.xcassets */,
				7CCBBD691AD418AF00EA1F7F /* LaunchScreen.xib */,
				7CCBBD5E1AD418AF00EA1F7F /* SmartShopping.xcdatamodeld */,
				7CCBBD571AD418AF00EA1F7F /* Supporting Files */,
			);
			path = SmartShopping;
			sourceTree = "<group>";
		};
		7CCBBD571AD418AF00EA1F7F /* Supporting Files */ = {
			isa = PBXGroup;
			children = (
				7C013EF11AD5699E00E74C78 /* BaseStaticLibraryResource.bundle */,
				7CCD118C1AD5575E005A1429 /* images */,
				7CCBBD9D1AD427BE00EA1F7F /* PrefixHeader.pch */,
				7CCBBD581AD418AF00EA1F7F /* Info.plist */,
				7CCBBD591AD418AF00EA1F7F /* main.m */,
			);
			name = "Supporting Files";
			sourceTree = "<group>";
		};
		7CCBBD811AD419FE00EA1F7F /* Products */ = {
			isa = PBXGroup;
			children = (
				7CCBBD861AD419FE00EA1F7F /* libBaseStaticLibrary.a */,
				7C013ECE1AD565A500E74C78 /* BaseStaticLibraryResource.bundle */,
			);
			name = Products;
			sourceTree = "<group>";
		};
		7CCD11611AD542EF005A1429 /* Framework */ = {
			isa = PBXGroup;
			children = (
				7CC583431ADD2DD700329D21 /* MessageUI.framework */,
				7CC583411ADD2DCF00329D21 /* libsqlite3.dylib */,
				7CC5833F1ADD2DC300329D21 /* libstdc++.dylib */,
				7CC5833D1ADD2D6100329D21 /* libicucore.dylib */,
				7CC5833B1ADD2D5500329D21 /* CoreTelephony.framework */,
				7C6DDE781ADC216F007F81A4 /* Security.framework */,
				7C6DDE761ADC2163007F81A4 /* OpenGLES.framework */,
				7C6DDE741ADC2159007F81A4 /* QuartzCore.framework */,
				7C6DDE721ADC2152007F81A4 /* CoreLocation.framework */,
				7CCD115F1AD542E1005A1429 /* CFNetwork.framework */,
				7CCD115D1AD542D8005A1429 /* SystemConfiguration.framework */,
				7CCD115B1AD542D1005A1429 /* MobileCoreServices.framework */,
				7CCD11591AD542CB005A1429 /* CoreGraphics.framework */,
				7CCD11571AD542C5005A1429 /* libxml2.dylib */,
				7CCD11551AD542BD005A1429 /* libz.dylib */,
				7CCD11531AD542B6005A1429 /* UIKit.framework */,
				7CCD11511AD542AF005A1429 /* Foundation.framework */,
			);
			name = Framework;
			sourceTree = "<group>";
		};
		7CCD11621AD54FA9005A1429 /* GainPeas */ = {
			isa = PBXGroup;
			children = (
				7CCD11631AD54FA9005A1429 /* Controller */,
				7CCD11641AD54FA9005A1429 /* Model */,
				7CCD11651AD54FA9005A1429 /* View */,
			);
			path = GainPeas;
			sourceTree = "<group>";
		};
		7CCD11631AD54FA9005A1429 /* Controller */ = {
			isa = PBXGroup;
			children = (
				7CCD11721AD54FCA005A1429 /* WSGainPeasViewController.h */,
				7CCD11731AD54FCA005A1429 /* WSGainPeasViewController.m */,
				7CCD11741AD54FCA005A1429 /* WSGainPeasViewController.xib */,
			);
			path = Controller;
			sourceTree = "<group>";
		};
		7CCD11641AD54FA9005A1429 /* Model */ = {
			isa = PBXGroup;
			children = (
			);
			path = Model;
			sourceTree = "<group>";
		};
		7CCD11651AD54FA9005A1429 /* View */ = {
			isa = PBXGroup;
			children = (
			);
			path = View;
			sourceTree = "<group>";
		};
		7CCD11661AD54FA9005A1429 /* Home */ = {
			isa = PBXGroup;
			children = (
				7C249B141ADD6114000712BF /* Controller */,
				7C249B321ADD6114000712BF /* Model */,
				7C249B401ADD6114000712BF /* View */,
				7C249B181ADD6114000712BF /* InfoList */,
				7C249B251ADD6114000712BF /* MapShow */,
				7C249B331ADD6114000712BF /* SearchHistory */,
			);
			path = Home;
			sourceTree = "<group>";
		};
		7CCD116A1AD54FA9005A1429 /* Mine */ = {
			isa = PBXGroup;
			children = (
				7CCD116B1AD54FA9005A1429 /* Controller */,
				7CCD116C1AD54FA9005A1429 /* Model */,
				7CCD116D1AD54FA9005A1429 /* View */,
			);
			path = Mine;
			sourceTree = "<group>";
		};
		7CCD116B1AD54FA9005A1429 /* Controller */ = {
			isa = PBXGroup;
			children = (
				7CCD117C1AD54FFE005A1429 /* WSMineViewController.h */,
				7CCD117D1AD54FFE005A1429 /* WSMineViewController.m */,
				7CCD117E1AD54FFE005A1429 /* WSMineViewController.xib */,
			);
			path = Controller;
			sourceTree = "<group>";
		};
		7CCD116C1AD54FA9005A1429 /* Model */ = {
			isa = PBXGroup;
			children = (
			);
			path = Model;
			sourceTree = "<group>";
		};
		7CCD116D1AD54FA9005A1429 /* View */ = {
			isa = PBXGroup;
			children = (
			);
			path = View;
			sourceTree = "<group>";
		};
		7CCD116E1AD54FA9005A1429 /* PromotionCoupon */ = {
			isa = PBXGroup;
			children = (
				7CCD116F1AD54FAA005A1429 /* Controller */,
				7CCD11701AD54FAA005A1429 /* Model */,
				7CCD11711AD54FAA005A1429 /* View */,
			);
			path = PromotionCoupon;
			sourceTree = "<group>";
		};
		7CCD116F1AD54FAA005A1429 /* Controller */ = {
			isa = PBXGroup;
			children = (
				7CCD11811AD55085005A1429 /* WSPromotionCouponViewController.h */,
				7CCD11821AD55085005A1429 /* WSPromotionCouponViewController.m */,
				7CCD11831AD55085005A1429 /* WSPromotionCouponViewController.xib */,
			);
			path = Controller;
			sourceTree = "<group>";
		};
		7CCD11701AD54FAA005A1429 /* Model */ = {
			isa = PBXGroup;
			children = (
			);
			path = Model;
			sourceTree = "<group>";
		};
		7CCD11711AD54FAA005A1429 /* View */ = {
			isa = PBXGroup;
			children = (
			);
			path = View;
			sourceTree = "<group>";
		};
		7CCD118C1AD5575E005A1429 /* images */ = {
			isa = PBXGroup;
			children = (
				7CCAD31F1ADEB0C1001D3D8B /* Tabbar */,
				7CCAD3181ADEAEB7001D3D8B /* Common */,
				7CCD118D1AD5575E005A1429 /* TestImages */,
			);
			path = images;
			sourceTree = "<group>";
		};
		7CCD118D1AD5575E005A1429 /* TestImages */ = {
			isa = PBXGroup;
			children = (
				7CBD6CD11AD92630008B29B4 /* slideswitch.png */,
				7C013F001AD56C9C00E74C78 /* normal.png */,
				7C013F011AD56C9C00E74C78 /* selected.png */,
			);
			path = TestImages;
			sourceTree = "<group>";
		};
/* End PBXGroup section */

/* Begin PBXNativeTarget section */
		7CCBBD531AD418AF00EA1F7F /* SmartShopping */ = {
			isa = PBXNativeTarget;
			buildConfigurationList = 7CCBBD7A1AD418AF00EA1F7F /* Build configuration list for PBXNativeTarget "SmartShopping" */;
			buildPhases = (
				7CCBBD501AD418AF00EA1F7F /* Sources */,
				7CCBBD511AD418AF00EA1F7F /* Frameworks */,
				7CCBBD521AD418AF00EA1F7F /* Resources */,
			);
			buildRules = (
			);
			dependencies = (
				7C013ECB1AD565A500E74C78 /* PBXTargetDependency */,
				7CCBBD8B1AD41B3200EA1F7F /* PBXTargetDependency */,
			);
			name = SmartShopping;
			productName = SmartShopping;
			productReference = 7CCBBD541AD418AF00EA1F7F /* SmartShopping.app */;
			productType = "com.apple.product-type.application";
		};
/* End PBXNativeTarget section */

/* Begin PBXProject section */
		7CCBBD4C1AD418AF00EA1F7F /* Project object */ = {
			isa = PBXProject;
			attributes = {
				LastUpgradeCheck = 0620;
				ORGANIZATIONNAME = wrs;
				TargetAttributes = {
					7CCBBD531AD418AF00EA1F7F = {
						CreatedOnToolsVersion = 6.2;
					};
				};
			};
			buildConfigurationList = 7CCBBD4F1AD418AF00EA1F7F /* Build configuration list for PBXProject "SmartShopping" */;
			compatibilityVersion = "Xcode 3.2";
			developmentRegion = English;
			hasScannedForEncodings = 0;
			knownRegions = (
				en,
				Base,
				"zh-Hans",
			);
			mainGroup = 7CCBBD4B1AD418AF00EA1F7F;
			productRefGroup = 7CCBBD551AD418AF00EA1F7F /* Products */;
			projectDirPath = "";
			projectReferences = (
				{
					ProductGroup = 7CCBBD811AD419FE00EA1F7F /* Products */;
					ProjectRef = 7CCBBD801AD419FE00EA1F7F /* BaseStaticLibrary.xcodeproj */;
				},
			);
			projectRoot = "";
			targets = (
				7CCBBD531AD418AF00EA1F7F /* SmartShopping */,
			);
		};
/* End PBXProject section */

/* Begin PBXReferenceProxy section */
		7C013ECE1AD565A500E74C78 /* BaseStaticLibraryResource.bundle */ = {
			isa = PBXReferenceProxy;
			fileType = wrapper.cfbundle;
			path = BaseStaticLibraryResource.bundle;
			remoteRef = 7C013ECD1AD565A500E74C78 /* PBXContainerItemProxy */;
			sourceTree = BUILT_PRODUCTS_DIR;
		};
		7CCBBD861AD419FE00EA1F7F /* libBaseStaticLibrary.a */ = {
			isa = PBXReferenceProxy;
			fileType = archive.ar;
			path = libBaseStaticLibrary.a;
			remoteRef = 7CCBBD851AD419FE00EA1F7F /* PBXContainerItemProxy */;
			sourceTree = BUILT_PRODUCTS_DIR;
		};
/* End PBXReferenceProxy section */

/* Begin PBXResourcesBuildPhase section */
		7CCBBD521AD418AF00EA1F7F /* Resources */ = {
			isa = PBXResourcesBuildPhase;
			buildActionMask = 2147483647;
			files = (
				7CCAD32C1ADEB0C1001D3D8B /* c_selected.png in Resources */,
				7C249B4A1ADD6114000712BF /* WSInfoListViewController.xib in Resources */,
				7C6DDE7B1ADC21A0007F81A4 /* mapapi.bundle in Resources */,
				7C013F021AD56C9D00E74C78 /* normal.png in Resources */,
				7CCAD3441ADEBA1C001D3D8B /* scan_product.png in Resources */,
				7CCAD33F1ADEB8D7001D3D8B /* time-clock.png in Resources */,
				7CCAD3451ADEBA1C001D3D8B /* invate_friend.png in Resources */,
				7CCAD3371ADEB469001D3D8B /* back.png in Resources */,
				7CCAD32D1ADEB0C1001D3D8B /* c_normal.png in Resources */,
				7CCAD32A1ADEB0C1001D3D8B /* b_selected.png in Resources */,
				7CCAD3381ADEB469001D3D8B /* share.png in Resources */,
				7C249B481ADD6114000712BF /* WSHomeViewController.xib in Resources */,
				7C013EF21AD5699E00E74C78 /* BaseStaticLibraryResource.bundle in Resources */,
				7C249B731ADD6B7A000712BF /* WSInfoListCell.xib in Resources */,
				7CBD6CD21AD92630008B29B4 /* slideswitch.png in Resources */,
				7CCAD3491ADEBD4C001D3D8B /* arrow-right.png in Resources */,
				7CCAD31B1ADEAEB7001D3D8B /* dou.png in Resources */,
				7CCAD3391ADEB469001D3D8B /* uncollect.png in Resources */,
				7CCAD32B1ADEB0C1001D3D8B /* b_normal.png in Resources */,
				7CCAD3281ADEB0C1001D3D8B /* a_selected.png in Resources */,
				7CCAD32F1ADEB0C1001D3D8B /* d_normal.png in Resources */,
				7CCAD3431ADEBA1C001D3D8B /* store_signin.png in Resources */,
				7CCD11801AD54FFE005A1429 /* WSMineViewController.xib in Resources */,
				7CCAD3361ADEB469001D3D8B /* message.png in Resources */,
				7CCAD3291ADEB0C1001D3D8B /* a_normal.png in Resources */,
				7CCBBD6B1AD418AF00EA1F7F /* LaunchScreen.xib in Resources */,
				7C249B5C1ADD6114000712BF /* HomeCollectionViewCell.xib in Resources */,
				7CCBBD681AD418AF00EA1F7F /* Images.xcassets in Resources */,
				7CCAD3351ADEB469001D3D8B /* collected.png in Resources */,
				7CCAD33E1ADEB8D7001D3D8B /* map.png in Resources */,
				7C249B5E1ADD6114000712BF /* HomeHeaderCollectionReusableView.xib in Resources */,
				7CCD11851AD55085005A1429 /* WSPromotionCouponViewController.xib in Resources */,
				7CCAD31C1ADEAEB7001D3D8B /* search-icon.png in Resources */,
				7CCD11761AD54FCA005A1429 /* WSGainPeasViewController.xib in Resources */,
				7C013F031AD56C9D00E74C78 /* selected.png in Resources */,
				7C6DDE5A1ADC1D35007F81A4 /* README-GHUnit in Resources */,
				7CCAD32E1ADEB0C1001D3D8B /* d_selected.png in Resources */,
			);
			runOnlyForDeploymentPostprocessing = 0;
		};
/* End PBXResourcesBuildPhase section */

/* Begin PBXSourcesBuildPhase section */
		7CCBBD501AD418AF00EA1F7F /* Sources */ = {
			isa = PBXSourcesBuildPhase;
			buildActionMask = 2147483647;
			files = (
				7CCD117F1AD54FFE005A1429 /* WSMineViewController.m in Sources */,
				7C6DDE491ADC1D35007F81A4 /* ASIHTTPRequest.m in Sources */,
				7C6DDE551ADC1D35007F81A4 /* ASIS3BucketObject.m in Sources */,
				7C6DDE4E1ADC1D35007F81A4 /* ASICloudFilesContainer.m in Sources */,
				7C6DDE531ADC1D35007F81A4 /* ASICloudFilesRequest.m in Sources */,
				7C6DDE541ADC1D35007F81A4 /* ASIS3Bucket.m in Sources */,
				7C6DDE4B1ADC1D35007F81A4 /* ASINetworkQueue.m in Sources */,
				7C6DDE501ADC1D35007F81A4 /* ASICloudFilesContainerXMLParserDelegate.m in Sources */,
				7C6DDE4A1ADC1D35007F81A4 /* ASIInputStream.m in Sources */,
				7CCBBD601AD418AF00EA1F7F /* SmartShopping.xcdatamodeld in Sources */,
				7C6DDE461ADC1D35007F81A4 /* ASIDataDecompressor.m in Sources */,
				7C6DDE581ADC1D35007F81A4 /* ASIS3Request.m in Sources */,
				7CCBBD5D1AD418AF00EA1F7F /* AppDelegate.m in Sources */,
				7C249B491ADD6114000712BF /* WSInfoListViewController.m in Sources */,
				7C6DDE591ADC1D35007F81A4 /* ASIS3ServiceRequest.m in Sources */,
				7C6DDE471ADC1D35007F81A4 /* ASIDownloadCache.m in Sources */,
				7CCD11751AD54FCA005A1429 /* WSGainPeasViewController.m in Sources */,
				7C249B5D1ADD6114000712BF /* HomeHeaderCollectionReusableView.m in Sources */,
				7C6DDE451ADC1D35007F81A4 /* ASIDataCompressor.m in Sources */,
				7C6DDE511ADC1D35007F81A4 /* ASICloudFilesObject.m in Sources */,
				7C6DDE521ADC1D35007F81A4 /* ASICloudFilesObjectRequest.m in Sources */,
				7C6DDE4C1ADC1D35007F81A4 /* ASIWebPageRequest.m in Sources */,
				7C6DDE4D1ADC1D35007F81A4 /* ASICloudFilesCDNRequest.m in Sources */,
				7C6DDE4F1ADC1D35007F81A4 /* ASICloudFilesContainerRequest.m in Sources */,
				7C249B721ADD6B7A000712BF /* WSInfoListCell.m in Sources */,
				7CCD11841AD55085005A1429 /* WSPromotionCouponViewController.m in Sources */,
				7C6DDE5B1ADC1D35007F81A4 /* Reachability.m in Sources */,
				7C6DDE481ADC1D35007F81A4 /* ASIFormDataRequest.m in Sources */,
				7CCBBD5A1AD418AF00EA1F7F /* main.m in Sources */,
				7C6DDE571ADC1D35007F81A4 /* ASIS3ObjectRequest.m in Sources */,
				7C6DDE431ADC1D35007F81A4 /* ASIHttpWrap.m in Sources */,
				7C6DDE441ADC1D35007F81A4 /* ASIAuthenticationDialog.m in Sources */,
				7C249B471ADD6114000712BF /* WSHomeViewController.m in Sources */,
				7C6DDE561ADC1D35007F81A4 /* ASIS3BucketRequest.m in Sources */,
				7C249B5B1ADD6114000712BF /* HomeCollectionViewCell.m in Sources */,
			);
			runOnlyForDeploymentPostprocessing = 0;
		};
/* End PBXSourcesBuildPhase section */

/* Begin PBXTargetDependency section */
		7C013ECB1AD565A500E74C78 /* PBXTargetDependency */ = {
			isa = PBXTargetDependency;
			name = BaseStaticLibraryResource;
			targetProxy = 7C013ECA1AD565A500E74C78 /* PBXContainerItemProxy */;
		};
		7CCBBD8B1AD41B3200EA1F7F /* PBXTargetDependency */ = {
			isa = PBXTargetDependency;
			name = BaseStaticLibrary;
			targetProxy = 7CCBBD8A1AD41B3200EA1F7F /* PBXContainerItemProxy */;
		};
/* End PBXTargetDependency section */

/* Begin PBXVariantGroup section */
		7CCBBD691AD418AF00EA1F7F /* LaunchScreen.xib */ = {
			isa = PBXVariantGroup;
			children = (
				7CCBBD6A1AD418AF00EA1F7F /* Base */,
			);
			name = LaunchScreen.xib;
			sourceTree = "<group>";
		};
/* End PBXVariantGroup section */

/* Begin XCBuildConfiguration section */
		7CCBBD781AD418AF00EA1F7F /* Debug */ = {
			isa = XCBuildConfiguration;
			buildSettings = {
				ALWAYS_SEARCH_USER_PATHS = NO;
				CLANG_CXX_LANGUAGE_STANDARD = "gnu++0x";
				CLANG_CXX_LIBRARY = "libc++";
				CLANG_ENABLE_MODULES = YES;
				CLANG_ENABLE_OBJC_ARC = YES;
				CLANG_WARN_BOOL_CONVERSION = YES;
				CLANG_WARN_CONSTANT_CONVERSION = YES;
				CLANG_WARN_DIRECT_OBJC_ISA_USAGE = YES_ERROR;
				CLANG_WARN_EMPTY_BODY = YES;
				CLANG_WARN_ENUM_CONVERSION = YES;
				CLANG_WARN_INT_CONVERSION = YES;
				CLANG_WARN_OBJC_ROOT_CLASS = YES_ERROR;
				CLANG_WARN_UNREACHABLE_CODE = YES;
				CLANG_WARN__DUPLICATE_METHOD_MATCH = YES;
				"CODE_SIGN_IDENTITY[sdk=iphoneos*]" = "iPhone Developer";
				COPY_PHASE_STRIP = NO;
				ENABLE_STRICT_OBJC_MSGSEND = YES;
				GCC_C_LANGUAGE_STANDARD = gnu99;
				GCC_DYNAMIC_NO_PIC = NO;
				GCC_OPTIMIZATION_LEVEL = 0;
				GCC_PREPROCESSOR_DEFINITIONS = (
					"DEBUG=1",
					"$(inherited)",
				);
				GCC_SYMBOLS_PRIVATE_EXTERN = NO;
				GCC_WARN_64_TO_32_BIT_CONVERSION = YES;
				GCC_WARN_ABOUT_RETURN_TYPE = YES_ERROR;
				GCC_WARN_UNDECLARED_SELECTOR = YES;
				GCC_WARN_UNINITIALIZED_AUTOS = YES_AGGRESSIVE;
				GCC_WARN_UNUSED_FUNCTION = YES;
				GCC_WARN_UNUSED_VARIABLE = YES;
				IPHONEOS_DEPLOYMENT_TARGET = 8.2;
				MTL_ENABLE_DEBUG_INFO = YES;
				ONLY_ACTIVE_ARCH = YES;
				SDKROOT = iphoneos;
			};
			name = Debug;
		};
		7CCBBD791AD418AF00EA1F7F /* Release */ = {
			isa = XCBuildConfiguration;
			buildSettings = {
				ALWAYS_SEARCH_USER_PATHS = NO;
				CLANG_CXX_LANGUAGE_STANDARD = "gnu++0x";
				CLANG_CXX_LIBRARY = "libc++";
				CLANG_ENABLE_MODULES = YES;
				CLANG_ENABLE_OBJC_ARC = YES;
				CLANG_WARN_BOOL_CONVERSION = YES;
				CLANG_WARN_CONSTANT_CONVERSION = YES;
				CLANG_WARN_DIRECT_OBJC_ISA_USAGE = YES_ERROR;
				CLANG_WARN_EMPTY_BODY = YES;
				CLANG_WARN_ENUM_CONVERSION = YES;
				CLANG_WARN_INT_CONVERSION = YES;
				CLANG_WARN_OBJC_ROOT_CLASS = YES_ERROR;
				CLANG_WARN_UNREACHABLE_CODE = YES;
				CLANG_WARN__DUPLICATE_METHOD_MATCH = YES;
				"CODE_SIGN_IDENTITY[sdk=iphoneos*]" = "iPhone Developer";
				COPY_PHASE_STRIP = NO;
				ENABLE_NS_ASSERTIONS = NO;
				ENABLE_STRICT_OBJC_MSGSEND = YES;
				GCC_C_LANGUAGE_STANDARD = gnu99;
				GCC_WARN_64_TO_32_BIT_CONVERSION = YES;
				GCC_WARN_ABOUT_RETURN_TYPE = YES_ERROR;
				GCC_WARN_UNDECLARED_SELECTOR = YES;
				GCC_WARN_UNINITIALIZED_AUTOS = YES_AGGRESSIVE;
				GCC_WARN_UNUSED_FUNCTION = YES;
				GCC_WARN_UNUSED_VARIABLE = YES;
				IPHONEOS_DEPLOYMENT_TARGET = 8.2;
				MTL_ENABLE_DEBUG_INFO = NO;
				SDKROOT = iphoneos;
				VALIDATE_PRODUCT = YES;
			};
			name = Release;
		};
		7CCBBD7B1AD418AF00EA1F7F /* Debug */ = {
			isa = XCBuildConfiguration;
			buildSettings = {
				ARCHS = (
					armv7,
					arm64,
				);
				ASSETCATALOG_COMPILER_APPICON_NAME = AppIcon;
				FRAMEWORK_SEARCH_PATHS = (
					"$(inherited)",
					"$(PROJECT_DIR)/ProjectCommon/BaiduMapAPI",
					"$(PROJECT_DIR)/SmartShopping/ShareSDK/Connection",
					"$(PROJECT_DIR)/SmartShopping/ShareSDK/Core",
					"$(PROJECT_DIR)/SmartShopping/ShareSDK/Extend/GooglePlusSDK",
					"$(PROJECT_DIR)/SmartShopping/ShareSDK/Extend/Pinterest.embeddedframework",
					"$(PROJECT_DIR)/SmartShopping/ShareSDK/Extend/QQConnectSDK",
					"$(PROJECT_DIR)/SmartShopping/ShareSDK/Extend/RenRenSDK",
					"$(PROJECT_DIR)/SmartShopping/ShareSDK",
					"$(PROJECT_DIR)/SmartShopping/ShareSDK/UI",
				);
				GCC_PRECOMPILE_PREFIX_HEADER = YES;
				GCC_PREFIX_HEADER = "$(SRCROOT)/PrefixHeader.pch";
				HEADER_SEARCH_PATHS = (
					"$(inherited)",
					/Applications/Xcode.app/Contents/Developer/Toolchains/XcodeDefault.xctoolchain/usr/include,
					/usr/include/libxml2,
				);
				INFOPLIST_FILE = SmartShopping/Info.plist;
				IPHONEOS_DEPLOYMENT_TARGET = 6.0;
				LD_RUNPATH_SEARCH_PATHS = "$(inherited) @executable_path/Frameworks";
				LIBRARY_SEARCH_PATHS = (
					"$(inherited)",
					"$(PROJECT_DIR)/SmartShopping/ShareSDK/Extend/SinaWeiboSDK",
					"$(PROJECT_DIR)/SmartShopping/ShareSDK/Extend/TencentWeiboSDK",
					"$(PROJECT_DIR)/SmartShopping/ShareSDK/Extend/WeChatSDK",
					"$(PROJECT_DIR)/SmartShopping/ShareSDK/Extend/YiXinSDK",
				);
				ONLY_ACTIVE_ARCH = YES;
				OTHER_LDFLAGS = "-ObjC";
				PRODUCT_NAME = "$(TARGET_NAME)";
				USER_HEADER_SEARCH_PATHS = "$PROJECT_DIR/BaseStaticLibrary/**";
				VALID_ARCHS = "armv7 armv7s arm64";
			};
			name = Debug;
		};
		7CCBBD7C1AD418AF00EA1F7F /* Release */ = {
			isa = XCBuildConfiguration;
			buildSettings = {
				ARCHS = (
					armv7,
					arm64,
				);
				ASSETCATALOG_COMPILER_APPICON_NAME = AppIcon;
				FRAMEWORK_SEARCH_PATHS = (
					"$(inherited)",
					"$(PROJECT_DIR)/ProjectCommon/BaiduMapAPI",
					"$(PROJECT_DIR)/SmartShopping/ShareSDK/Connection",
					"$(PROJECT_DIR)/SmartShopping/ShareSDK/Core",
					"$(PROJECT_DIR)/SmartShopping/ShareSDK/Extend/GooglePlusSDK",
					"$(PROJECT_DIR)/SmartShopping/ShareSDK/Extend/Pinterest.embeddedframework",
					"$(PROJECT_DIR)/SmartShopping/ShareSDK/Extend/QQConnectSDK",
					"$(PROJECT_DIR)/SmartShopping/ShareSDK/Extend/RenRenSDK",
					"$(PROJECT_DIR)/SmartShopping/ShareSDK",
					"$(PROJECT_DIR)/SmartShopping/ShareSDK/UI",
				);
				GCC_PRECOMPILE_PREFIX_HEADER = YES;
				GCC_PREFIX_HEADER = "$(SRCROOT)/PrefixHeader.pch";
				HEADER_SEARCH_PATHS = (
					"$(inherited)",
					/Applications/Xcode.app/Contents/Developer/Toolchains/XcodeDefault.xctoolchain/usr/include,
					/usr/include/libxml2,
				);
				INFOPLIST_FILE = SmartShopping/Info.plist;
				IPHONEOS_DEPLOYMENT_TARGET = 6.0;
				LD_RUNPATH_SEARCH_PATHS = "$(inherited) @executable_path/Frameworks";
				LIBRARY_SEARCH_PATHS = (
					"$(inherited)",
					"$(PROJECT_DIR)/SmartShopping/ShareSDK/Extend/SinaWeiboSDK",
					"$(PROJECT_DIR)/SmartShopping/ShareSDK/Extend/TencentWeiboSDK",
					"$(PROJECT_DIR)/SmartShopping/ShareSDK/Extend/WeChatSDK",
					"$(PROJECT_DIR)/SmartShopping/ShareSDK/Extend/YiXinSDK",
				);
				ONLY_ACTIVE_ARCH = YES;
				OTHER_LDFLAGS = "-ObjC";
				PRODUCT_NAME = "$(TARGET_NAME)";
				USER_HEADER_SEARCH_PATHS = "$PROJECT_DIR/BaseStaticLibrary/**";
				VALID_ARCHS = "armv7 armv7s arm64";
			};
			name = Release;
		};
/* End XCBuildConfiguration section */

/* Begin XCConfigurationList section */
		7CCBBD4F1AD418AF00EA1F7F /* Build configuration list for PBXProject "SmartShopping" */ = {
			isa = XCConfigurationList;
			buildConfigurations = (
				7CCBBD781AD418AF00EA1F7F /* Debug */,
				7CCBBD791AD418AF00EA1F7F /* Release */,
			);
			defaultConfigurationIsVisible = 0;
			defaultConfigurationName = Release;
		};
		7CCBBD7A1AD418AF00EA1F7F /* Build configuration list for PBXNativeTarget "SmartShopping" */ = {
			isa = XCConfigurationList;
			buildConfigurations = (
				7CCBBD7B1AD418AF00EA1F7F /* Debug */,
				7CCBBD7C1AD418AF00EA1F7F /* Release */,
			);
			defaultConfigurationIsVisible = 0;
			defaultConfigurationName = Release;
		};
/* End XCConfigurationList section */

/* Begin XCVersionGroup section */
		7CCBBD5E1AD418AF00EA1F7F /* SmartShopping.xcdatamodeld */ = {
			isa = XCVersionGroup;
			children = (
				7CCBBD5F1AD418AF00EA1F7F /* SmartShopping.xcdatamodel */,
			);
			currentVersion = 7CCBBD5F1AD418AF00EA1F7F /* SmartShopping.xcdatamodel */;
			path = SmartShopping.xcdatamodeld;
			sourceTree = "<group>";
			versionGroupType = wrapper.xcdatamodel;
		};
/* End XCVersionGroup section */
	};
	rootObject = 7CCBBD4C1AD418AF00EA1F7F /* Project object */;
}
